{
  "name": "digifall",
  "version": "0.10.0",
  "lockfileVersion": 3,
  "requires": true,
  "packages": {
    "": {
      "name": "digifall",
      "version": "0.10.0",
      "dependencies": {
        "@chainsafe/libp2p-gossipsub": "14.1.0",
        "@chainsafe/libp2p-yamux": "7.0.1",
        "@libp2p/bootstrap": "11.0.28",
        "@libp2p/circuit-relay-v2": "3.2.4",
        "@libp2p/config": "1.1.1",
        "@libp2p/identify": "3.0.23",
        "@libp2p/interface": "2.6.1",
        "@libp2p/keychain": "5.1.1",
        "@libp2p/plaintext": "2.0.17",
        "@libp2p/pubsub-peer-discovery": "11.0.1",
        "@libp2p/websockets": "9.2.4",
        "@multiformats/multiaddr": "12.4.0",
        "@sveltejs/vite-plugin-svelte": "5.0.3",
        "datastore-idb": "3.0.1",
        "howler": "2.2.4",
        "idb-keyval": "6.2.1",
        "it-pipe": "3.0.1",
        "libp2p": "2.7.4",
        "svelte": "5.20.5",
        "uint8arrays": "5.1.0",
        "vite": "6.2.0"
      }
    },
    "node_modules/@ampproject/remapping": {
      "version": "2.3.0",
      "license": "Apache-2.0",
      "dependencies": {
        "@jridgewell/gen-mapping": "^0.3.5",
        "@jridgewell/trace-mapping": "^0.3.24"
      },
      "engines": {
        "node": ">=6.0.0"
      }
    },
    "node_modules/@chainsafe/is-ip": {
      "version": "2.1.0",
      "license": "MIT"
    },
    "node_modules/@chainsafe/libp2p-gossipsub": {
      "version": "14.1.0",
      "license": "Apache-2.0",
      "dependencies": {
        "@libp2p/crypto": "^5.0.0",
        "@libp2p/interface": "^2.0.0",
        "@libp2p/interface-internal": "^2.0.0",
        "@libp2p/peer-id": "^5.0.0",
        "@libp2p/pubsub": "^10.0.0",
        "@multiformats/multiaddr": "^12.1.14",
        "denque": "^2.1.0",
        "it-length-prefixed": "^9.0.4",
        "it-pipe": "^3.0.1",
        "it-pushable": "^3.2.3",
        "multiformats": "^13.0.1",
        "protons-runtime": "^5.5.0",
        "uint8arraylist": "^2.4.8",
        "uint8arrays": "^5.0.1"
      },
      "engines": {
        "npm": ">=8.7.0"
      }
    },
    "node_modules/@chainsafe/libp2p-yamux": {
      "version": "7.0.1",
      "license": "Apache-2.0 OR MIT",
      "dependencies": {
        "@libp2p/interface": "^2.0.0",
        "@libp2p/utils": "^6.0.0",
        "get-iterator": "^2.0.1",
        "it-foreach": "^2.0.6",
        "it-pushable": "^3.2.3",
        "it-stream-types": "^2.0.1",
        "uint8arraylist": "^2.4.8"
      }
    },
    "node_modules/@chainsafe/netmask": {
      "version": "2.0.0",
      "license": "MIT",
      "dependencies": {
        "@chainsafe/is-ip": "^2.0.1"
      }
    },
    "node_modules/@esbuild/linux-x64": {
      "version": "0.25.0",
      "resolved": "https://registry.npmjs.org/@esbuild/linux-x64/-/linux-x64-0.25.0.tgz",
      "integrity": "sha512-9yl91rHw/cpwMCNytUDxwj2XjFpxML0y9HAOH9pNVQDpQrBxHy01Dx+vaMu0N1CKa/RzBD2hB4u//nfc+Sd3Cw==",
      "cpu": [
        "x64"
      ],
      "license": "MIT",
      "optional": true,
      "os": [
        "linux"
      ],
      "engines": {
        "node": ">=18"
      }
    },
    "node_modules/@jridgewell/gen-mapping": {
      "version": "0.3.8",
      "license": "MIT",
      "dependencies": {
        "@jridgewell/set-array": "^1.2.1",
        "@jridgewell/sourcemap-codec": "^1.4.10",
        "@jridgewell/trace-mapping": "^0.3.24"
      },
      "engines": {
        "node": ">=6.0.0"
      }
    },
    "node_modules/@jridgewell/resolve-uri": {
      "version": "3.1.2",
      "license": "MIT",
      "engines": {
        "node": ">=6.0.0"
      }
    },
    "node_modules/@jridgewell/set-array": {
      "version": "1.2.1",
      "license": "MIT",
      "engines": {
        "node": ">=6.0.0"
      }
    },
    "node_modules/@jridgewell/sourcemap-codec": {
      "version": "1.5.0",
      "license": "MIT"
    },
    "node_modules/@jridgewell/trace-mapping": {
      "version": "0.3.25",
      "license": "MIT",
      "dependencies": {
        "@jridgewell/resolve-uri": "^3.1.0",
        "@jridgewell/sourcemap-codec": "^1.4.14"
      }
    },
    "node_modules/@leichtgewicht/ip-codec": {
      "version": "2.0.5",
      "license": "MIT"
    },
    "node_modules/@libp2p/bootstrap": {
      "version": "11.0.28",
      "resolved": "https://registry.npmjs.org/@libp2p/bootstrap/-/bootstrap-11.0.28.tgz",
      "integrity": "sha512-QhFF5icdDZFKlJS2EPnu17nn9vkfYoI9YN2fLCSRoR7jymDCz9fZz/OKDmaeXo+2Qmlley3Pbgw19WwX1YFLMw==",
      "license": "Apache-2.0 OR MIT",
      "dependencies": {
        "@libp2p/interface": "^2.6.1",
        "@libp2p/interface-internal": "^2.3.5",
        "@libp2p/peer-id": "^5.0.14",
        "@multiformats/mafmt": "^12.1.6",
        "@multiformats/multiaddr": "^12.3.3"
      }
    },
    "node_modules/@libp2p/circuit-relay-v2": {
      "version": "3.2.4",
      "resolved": "https://registry.npmjs.org/@libp2p/circuit-relay-v2/-/circuit-relay-v2-3.2.4.tgz",
      "integrity": "sha512-335OgOD8Dpjdf/EzzuJPus38Vw6Q6z9eQl9GDBFPJ2W0OGcgJbAu6bzFvE2HHRqDxLAt+faAb1D2Peup1TzolQ==",
      "license": "Apache-2.0 OR MIT",
      "dependencies": {
        "@libp2p/crypto": "^5.0.13",
        "@libp2p/interface": "^2.6.1",
        "@libp2p/interface-internal": "^2.3.5",
        "@libp2p/peer-collections": "^6.0.21",
        "@libp2p/peer-id": "^5.0.14",
        "@libp2p/peer-record": "^8.0.21",
        "@libp2p/utils": "^6.5.5",
        "@multiformats/multiaddr": "^12.3.3",
        "@multiformats/multiaddr-matcher": "^1.6.0",
        "any-signal": "^4.1.1",
        "it-protobuf-stream": "^1.1.5",
        "it-stream-types": "^2.0.2",
        "multiformats": "^13.3.1",
        "nanoid": "^5.0.9",
        "progress-events": "^1.0.1",
        "protons-runtime": "^5.5.0",
        "retimeable-signal": "^1.0.0",
        "uint8arraylist": "^2.4.8",
        "uint8arrays": "^5.1.0"
      }
    },
    "node_modules/@libp2p/config": {
      "version": "1.1.1",
      "resolved": "https://registry.npmjs.org/@libp2p/config/-/config-1.1.1.tgz",
      "integrity": "sha512-AGZfD8VTt++qJSBPyFHHlIzAfZeReL/PrDT6/p0U84O0Q+T3h/nHBNATOOyLaV9zwldyZEIMZAnWKcXgKPoZNQ==",
      "license": "Apache-2.0 OR MIT",
      "dependencies": {
        "@libp2p/crypto": "^5.0.13",
        "@libp2p/interface": "^2.6.1",
        "@libp2p/keychain": "^5.1.1",
        "@libp2p/logger": "^5.1.10",
        "interface-datastore": "^8.3.1"
      }
    },
    "node_modules/@libp2p/crypto": {
      "version": "5.0.13",
      "resolved": "https://registry.npmjs.org/@libp2p/crypto/-/crypto-5.0.13.tgz",
      "integrity": "sha512-OM6uYNA32K/iZPyz3X+4I811FyA7//b8x+H6kwu5bra9qzKOAuUoTKZpOhjL6OKrzeuJ7ULUR4q7UuVItEA1yQ==",
      "license": "Apache-2.0 OR MIT",
      "dependencies": {
        "@libp2p/interface": "^2.6.1",
        "@noble/curves": "^1.7.0",
        "@noble/hashes": "^1.6.1",
        "asn1js": "^3.0.5",
        "multiformats": "^13.3.1",
        "protons-runtime": "^5.5.0",
        "uint8arraylist": "^2.4.8",
        "uint8arrays": "^5.1.0"
      }
    },
    "node_modules/@libp2p/identify": {
      "version": "3.0.23",
      "resolved": "https://registry.npmjs.org/@libp2p/identify/-/identify-3.0.23.tgz",
      "integrity": "sha512-uioRzEfR7QEzQkRDlpMeDapTsRTW8JT5+8Hs+ABumkXg++DunAnwm4CKJnwrmlRv1T/2VM/Ni4N/UdfGAsddOw==",
      "license": "Apache-2.0 OR MIT",
      "dependencies": {
        "@libp2p/crypto": "^5.0.13",
        "@libp2p/interface": "^2.6.1",
        "@libp2p/interface-internal": "^2.3.5",
        "@libp2p/peer-id": "^5.0.14",
        "@libp2p/peer-record": "^8.0.21",
        "@libp2p/utils": "^6.5.5",
        "@multiformats/multiaddr": "^12.3.3",
        "@multiformats/multiaddr-matcher": "^1.6.0",
        "it-drain": "^3.0.7",
        "it-parallel": "^3.0.8",
        "it-protobuf-stream": "^1.1.5",
        "protons-runtime": "^5.5.0",
        "uint8arraylist": "^2.4.8",
        "uint8arrays": "^5.1.0"
      }
    },
    "node_modules/@libp2p/interface": {
      "version": "2.6.1",
      "resolved": "https://registry.npmjs.org/@libp2p/interface/-/interface-2.6.1.tgz",
      "integrity": "sha512-iCH686hAGu1p8nSCCTTDz5jyJ89D9HvhpnmVehknVjNLO63TPAntsaDzEs6wi2nsUJ3xThsXEbani6Ij5dL8Vg==",
      "license": "Apache-2.0 OR MIT",
      "dependencies": {
        "@multiformats/multiaddr": "^12.3.3",
        "it-pushable": "^3.2.3",
        "it-stream-types": "^2.0.2",
        "multiformats": "^13.3.1",
        "progress-events": "^1.0.1",
        "uint8arraylist": "^2.4.8"
      }
    },
    "node_modules/@libp2p/interface-internal": {
      "version": "2.3.5",
      "resolved": "https://registry.npmjs.org/@libp2p/interface-internal/-/interface-internal-2.3.5.tgz",
      "integrity": "sha512-uwKggyLi7UJI7YKGCxJ6R9u9yvtvDMKVI9ki0BG+kADV0TwR7P8gbmEJ8/iilxD//z3aDXT/R59jvDFI7ruOUA==",
      "license": "Apache-2.0 OR MIT",
      "dependencies": {
        "@libp2p/interface": "^2.6.1",
        "@libp2p/peer-collections": "^6.0.21",
        "@multiformats/multiaddr": "^12.3.3",
        "progress-events": "^1.0.1"
      }
    },
    "node_modules/@libp2p/keychain": {
      "version": "5.1.1",
      "resolved": "https://registry.npmjs.org/@libp2p/keychain/-/keychain-5.1.1.tgz",
      "integrity": "sha512-YywXsQJ63dQ6aLSTAcV4Z4vqOzTFhB11QDXFu4V0qWO8p1gMJsWFqsTpwNbBigV4ZsnIbSht2fap0xEMLUOblQ==",
      "license": "Apache-2.0 OR MIT",
      "dependencies": {
        "@libp2p/crypto": "^5.0.13",
        "@libp2p/interface": "^2.6.1",
        "@noble/hashes": "^1.6.1",
        "asn1js": "^3.0.5",
        "interface-datastore": "^8.3.1",
        "merge-options": "^3.0.4",
        "multiformats": "^13.3.1",
        "sanitize-filename": "^1.6.3",
        "uint8arrays": "^5.1.0"
      }
    },
    "node_modules/@libp2p/logger": {
      "version": "5.1.10",
      "resolved": "https://registry.npmjs.org/@libp2p/logger/-/logger-5.1.10.tgz",
      "integrity": "sha512-1Wh0nmW5edgyWyD/Wwt0YidzhZ/r9xA30m39kwo+9rsoWjOSThlhwr6jckuIPlPOCEPXevZDH0FNC/2mH5I1Ng==",
      "license": "Apache-2.0 OR MIT",
      "dependencies": {
        "@libp2p/interface": "^2.6.1",
        "@multiformats/multiaddr": "^12.3.3",
        "interface-datastore": "^8.3.1",
        "multiformats": "^13.3.1",
        "weald": "^1.0.4"
      }
    },
    "node_modules/@libp2p/multistream-select": {
      "version": "6.0.17",
      "resolved": "https://registry.npmjs.org/@libp2p/multistream-select/-/multistream-select-6.0.17.tgz",
      "integrity": "sha512-IvHzfcrEiGUL2iHFR6oqXm3XjpWXOS4HuL4wrlBt0Y/KU85vJ2Uqxk9bWsujWAzdZt7ArSjm8Ot9FLhXtXJE+Q==",
      "license": "Apache-2.0 OR MIT",
      "dependencies": {
        "@libp2p/interface": "^2.6.1",
        "it-length-prefixed": "^10.0.1",
        "it-length-prefixed-stream": "^1.2.0",
        "it-stream-types": "^2.0.2",
        "p-defer": "^4.0.1",
        "race-signal": "^1.1.2",
        "uint8-varint": "^2.0.4",
        "uint8arraylist": "^2.4.8",
        "uint8arrays": "^5.1.0"
      }
    },
    "node_modules/@libp2p/multistream-select/node_modules/it-length-prefixed": {
      "version": "10.0.1",
      "resolved": "https://registry.npmjs.org/it-length-prefixed/-/it-length-prefixed-10.0.1.tgz",
      "integrity": "sha512-BhyluvGps26u9a7eQIpOI1YN7mFgi8lFwmiPi07whewbBARKAG9LE09Odc8s1Wtbt2MB6rNUrl7j9vvfXTJwdQ==",
      "license": "Apache-2.0 OR MIT",
      "dependencies": {
        "it-reader": "^6.0.1",
        "it-stream-types": "^2.0.1",
        "uint8-varint": "^2.0.1",
        "uint8arraylist": "^2.0.0",
        "uint8arrays": "^5.0.1"
      },
      "engines": {
        "node": ">=16.0.0",
        "npm": ">=7.0.0"
      }
    },
    "node_modules/@libp2p/peer-collections": {
      "version": "6.0.21",
      "resolved": "https://registry.npmjs.org/@libp2p/peer-collections/-/peer-collections-6.0.21.tgz",
      "integrity": "sha512-WrZCsUw3gmYWg97S++ON84mH1JwxmAUU8IWkW6OwnqF/jkCr3Cs7tS80o36+iBhd3U2nLv2jxADFccPMUm4mCg==",
      "license": "Apache-2.0 OR MIT",
      "dependencies": {
        "@libp2p/interface": "^2.6.1",
        "@libp2p/peer-id": "^5.0.14",
        "@libp2p/utils": "^6.5.5",
        "multiformats": "^13.3.1"
      }
    },
    "node_modules/@libp2p/peer-id": {
      "version": "5.0.14",
      "resolved": "https://registry.npmjs.org/@libp2p/peer-id/-/peer-id-5.0.14.tgz",
      "integrity": "sha512-tDghtkrhk4MTjaNUGhsGPb+o0BKuYB1Pdcd31jBuymPTCQNx/DHklRjOG6F1Zcllti9a/bUoxVCUITP9gAEiow==",
      "license": "Apache-2.0 OR MIT",
      "dependencies": {
        "@libp2p/crypto": "^5.0.13",
        "@libp2p/interface": "^2.6.1",
        "multiformats": "^13.3.1",
        "uint8arrays": "^5.1.0"
      }
    },
    "node_modules/@libp2p/peer-record": {
      "version": "8.0.21",
      "resolved": "https://registry.npmjs.org/@libp2p/peer-record/-/peer-record-8.0.21.tgz",
      "integrity": "sha512-LIQjNOUGhBR+kLR8df0hyqAVfDFg1c7awvFsL45Zv4mi7wu809XSkITI7/AWCtJOL3pXun5wBs3fAo/3KnQEbA==",
      "license": "Apache-2.0 OR MIT",
      "dependencies": {
        "@libp2p/crypto": "^5.0.13",
        "@libp2p/interface": "^2.6.1",
        "@libp2p/peer-id": "^5.0.14",
        "@libp2p/utils": "^6.5.5",
        "@multiformats/multiaddr": "^12.3.3",
        "multiformats": "^13.3.1",
        "protons-runtime": "^5.5.0",
        "uint8-varint": "^2.0.4",
        "uint8arraylist": "^2.4.8",
        "uint8arrays": "^5.1.0"
      }
    },
    "node_modules/@libp2p/peer-store": {
      "version": "11.0.21",
      "resolved": "https://registry.npmjs.org/@libp2p/peer-store/-/peer-store-11.0.21.tgz",
      "integrity": "sha512-q9Pt4C8lQr0OE8mSbtsVsJ0q+8wrlag/Luh2sDQXbqX9xgpLBgW4rL9/G35c3ekzA0VAwyqsjRwJwwEekjvXLA==",
      "license": "Apache-2.0 OR MIT",
      "dependencies": {
        "@libp2p/crypto": "^5.0.13",
        "@libp2p/interface": "^2.6.1",
        "@libp2p/peer-id": "^5.0.14",
        "@libp2p/peer-record": "^8.0.21",
        "@multiformats/multiaddr": "^12.3.3",
        "interface-datastore": "^8.3.1",
        "it-all": "^3.0.6",
        "mortice": "^3.0.6",
        "multiformats": "^13.3.1",
        "protons-runtime": "^5.5.0",
        "uint8arraylist": "^2.4.8",
        "uint8arrays": "^5.1.0"
      }
    },
    "node_modules/@libp2p/plaintext": {
      "version": "2.0.17",
      "resolved": "https://registry.npmjs.org/@libp2p/plaintext/-/plaintext-2.0.17.tgz",
      "integrity": "sha512-KWdXCb/kXInL3WRlqsSVb7UIBXQ2lVDEj/PecTToomdODsly9Do/XrXaJCyAX8rc38xP4tUCGLEKZDNBR/ZsMg==",
      "license": "Apache-2.0 OR MIT",
      "dependencies": {
        "@libp2p/crypto": "^5.0.13",
        "@libp2p/interface": "^2.6.1",
        "@libp2p/peer-id": "^5.0.14",
        "it-protobuf-stream": "^1.1.5",
        "it-stream-types": "^2.0.2",
        "protons-runtime": "^5.5.0",
        "uint8arraylist": "^2.4.8",
        "uint8arrays": "^5.1.0"
      }
    },
    "node_modules/@libp2p/pubsub": {
      "version": "10.1.0",
      "license": "Apache-2.0 OR MIT",
      "dependencies": {
        "@libp2p/crypto": "^5.0.11",
        "@libp2p/interface": "^2.5.0",
        "@libp2p/interface-internal": "^2.3.1",
        "@libp2p/peer-collections": "^6.0.17",
        "@libp2p/peer-id": "^5.0.12",
        "@libp2p/utils": "^6.5.1",
        "it-length-prefixed": "^10.0.1",
        "it-pipe": "^3.0.1",
        "it-pushable": "^3.2.3",
        "multiformats": "^13.3.1",
        "p-queue": "^8.0.1",
        "uint8arraylist": "^2.4.8",
        "uint8arrays": "^5.1.0"
      }
    },
    "node_modules/@libp2p/pubsub-peer-discovery": {
      "version": "11.0.1",
      "license": "Apache-2.0 OR MIT",
      "dependencies": {
        "@libp2p/crypto": "^5.0.0",
        "@libp2p/interface": "^2.0.0",
        "@libp2p/interface-internal": "^2.0.0",
        "@libp2p/peer-id": "^5.0.0",
        "@multiformats/multiaddr": "^12.0.0",
        "protons-runtime": "^5.0.0",
        "uint8arraylist": "^2.4.3",
        "uint8arrays": "^5.0.2"
      }
    },
    "node_modules/@libp2p/pubsub/node_modules/it-length-prefixed": {
      "version": "10.0.1",
      "license": "Apache-2.0 OR MIT",
      "dependencies": {
        "it-reader": "^6.0.1",
        "it-stream-types": "^2.0.1",
        "uint8-varint": "^2.0.1",
        "uint8arraylist": "^2.0.0",
        "uint8arrays": "^5.0.1"
      },
      "engines": {
        "node": ">=16.0.0",
        "npm": ">=7.0.0"
      }
    },
    "node_modules/@libp2p/utils": {
      "version": "6.5.5",
      "resolved": "https://registry.npmjs.org/@libp2p/utils/-/utils-6.5.5.tgz",
      "integrity": "sha512-WidS5xlEhdWExeXI9ryUF2Xl2qzgdcHSMe44V+qt502ik0ehH2NIaZBZAmlz9ugNGW9D5me4mEm8mi12WxBjPw==",
      "license": "Apache-2.0 OR MIT",
      "dependencies": {
        "@chainsafe/is-ip": "^2.0.2",
        "@chainsafe/netmask": "^2.0.0",
        "@libp2p/crypto": "^5.0.13",
        "@libp2p/interface": "^2.6.1",
        "@libp2p/logger": "^5.1.10",
        "@multiformats/multiaddr": "^12.3.3",
        "@sindresorhus/fnv1a": "^3.1.0",
        "any-signal": "^4.1.1",
        "delay": "^6.0.0",
        "get-iterator": "^2.0.1",
        "is-loopback-addr": "^2.0.2",
        "it-foreach": "^2.1.1",
        "it-pipe": "^3.0.1",
        "it-pushable": "^3.2.3",
        "it-stream-types": "^2.0.2",
        "netmask": "^2.0.2",
        "p-defer": "^4.0.1",
        "race-event": "^1.3.0",
        "race-signal": "^1.1.2",
        "uint8arraylist": "^2.4.8",
        "uint8arrays": "^5.1.0"
      }
    },
    "node_modules/@libp2p/websockets": {
      "version": "9.2.4",
      "resolved": "https://registry.npmjs.org/@libp2p/websockets/-/websockets-9.2.4.tgz",
      "integrity": "sha512-2RB4wbuhPBLiBChlyDKfllinarbwHD9gqD/v4hjUadwKahXinxEEPbte74U3utJfIILw7Bj7oiGx5sA15PIfcA==",
      "license": "Apache-2.0 OR MIT",
      "dependencies": {
        "@libp2p/interface": "^2.6.1",
        "@libp2p/utils": "^6.5.5",
        "@multiformats/multiaddr": "^12.3.3",
        "@multiformats/multiaddr-matcher": "^1.6.0",
        "@multiformats/multiaddr-to-uri": "^11.0.0",
        "@types/ws": "^8.5.13",
        "it-ws": "^6.1.5",
        "p-defer": "^4.0.1",
        "p-event": "^6.0.1",
        "progress-events": "^1.0.1",
        "race-signal": "^1.1.2",
        "ws": "^8.18.0"
      }
    },
    "node_modules/@multiformats/dns": {
      "version": "1.0.6",
      "license": "Apache-2.0 OR MIT",
      "dependencies": {
        "@types/dns-packet": "^5.6.5",
        "buffer": "^6.0.3",
        "dns-packet": "^5.6.1",
        "hashlru": "^2.3.0",
        "p-queue": "^8.0.1",
        "progress-events": "^1.0.0",
        "uint8arrays": "^5.0.2"
      }
    },
    "node_modules/@multiformats/mafmt": {
      "version": "12.1.6",
      "license": "Apache-2.0 OR MIT",
      "dependencies": {
        "@multiformats/multiaddr": "^12.0.0"
      }
    },
    "node_modules/@multiformats/multiaddr": {
      "version": "12.4.0",
      "license": "Apache-2.0 OR MIT",
      "dependencies": {
        "@chainsafe/is-ip": "^2.0.1",
        "@chainsafe/netmask": "^2.0.0",
        "@multiformats/dns": "^1.0.3",
        "multiformats": "^13.0.0",
        "uint8-varint": "^2.0.1",
        "uint8arrays": "^5.0.0"
      }
    },
    "node_modules/@multiformats/multiaddr-matcher": {
      "version": "1.6.0",
      "license": "Apache-2.0 OR MIT",
      "dependencies": {
        "@chainsafe/is-ip": "^2.0.1",
        "@multiformats/multiaddr": "^12.0.0",
        "multiformats": "^13.0.0"
      }
    },
    "node_modules/@multiformats/multiaddr-to-uri": {
      "version": "11.0.0",
      "license": "Apache-2.0 OR MIT",
      "dependencies": {
        "@multiformats/multiaddr": "^12.3.0"
      }
    },
    "node_modules/@noble/curves": {
      "version": "1.8.1",
      "license": "MIT",
      "dependencies": {
        "@noble/hashes": "1.7.1"
      },
      "engines": {
        "node": "^14.21.3 || >=16"
      },
      "funding": {
        "url": "https://paulmillr.com/funding/"
      }
    },
    "node_modules/@noble/hashes": {
      "version": "1.7.1",
      "license": "MIT",
      "engines": {
        "node": "^14.21.3 || >=16"
      },
      "funding": {
        "url": "https://paulmillr.com/funding/"
      }
    },
    "node_modules/@rollup/rollup-linux-x64-gnu": {
      "version": "4.34.8",
      "cpu": [
        "x64"
      ],
      "license": "MIT",
      "optional": true,
      "os": [
        "linux"
      ]
    },
    "node_modules/@rollup/rollup-linux-x64-musl": {
      "version": "4.34.8",
      "cpu": [
        "x64"
      ],
      "license": "MIT",
      "optional": true,
      "os": [
        "linux"
      ]
    },
    "node_modules/@sindresorhus/fnv1a": {
      "version": "3.1.0",
      "license": "MIT",
      "engines": {
        "node": "^12.20.0 || ^14.13.1 || >=16.0.0"
      },
      "funding": {
        "url": "https://github.com/sponsors/sindresorhus"
      }
    },
    "node_modules/@sveltejs/vite-plugin-svelte": {
      "version": "5.0.3",
      "license": "MIT",
      "dependencies": {
        "@sveltejs/vite-plugin-svelte-inspector": "^4.0.1",
        "debug": "^4.4.0",
        "deepmerge": "^4.3.1",
        "kleur": "^4.1.5",
        "magic-string": "^0.30.15",
        "vitefu": "^1.0.4"
      },
      "engines": {
        "node": "^18.0.0 || ^20.0.0 || >=22"
      },
      "peerDependencies": {
        "svelte": "^5.0.0",
        "vite": "^6.0.0"
      }
    },
    "node_modules/@sveltejs/vite-plugin-svelte-inspector": {
      "version": "4.0.1",
      "license": "MIT",
      "dependencies": {
        "debug": "^4.3.7"
      },
      "engines": {
        "node": "^18.0.0 || ^20.0.0 || >=22"
      },
      "peerDependencies": {
        "@sveltejs/vite-plugin-svelte": "^5.0.0",
        "svelte": "^5.0.0",
        "vite": "^6.0.0"
      }
    },
    "node_modules/@types/dns-packet": {
      "version": "5.6.5",
      "license": "MIT",
      "dependencies": {
        "@types/node": "*"
      }
    },
    "node_modules/@types/estree": {
      "version": "1.0.6",
      "license": "MIT"
    },
    "node_modules/@types/node": {
      "version": "22.13.4",
      "license": "MIT",
      "dependencies": {
        "undici-types": "~6.20.0"
      }
    },
    "node_modules/@types/retry": {
      "version": "0.12.2",
      "license": "MIT"
    },
    "node_modules/@types/ws": {
      "version": "8.5.14",
      "license": "MIT",
      "dependencies": {
        "@types/node": "*"
      }
    },
    "node_modules/acorn": {
      "version": "8.14.0",
      "license": "MIT",
      "bin": {
        "acorn": "bin/acorn"
      },
      "engines": {
        "node": ">=0.4.0"
      }
    },
    "node_modules/acorn-typescript": {
      "version": "1.4.13",
      "license": "MIT",
      "peerDependencies": {
        "acorn": ">=8.9.0"
      }
    },
    "node_modules/any-signal": {
      "version": "4.1.1",
      "license": "Apache-2.0 OR MIT",
      "engines": {
        "node": ">=16.0.0",
        "npm": ">=7.0.0"
      }
    },
    "node_modules/aria-query": {
      "version": "5.3.2",
      "license": "Apache-2.0",
      "engines": {
        "node": ">= 0.4"
      }
    },
    "node_modules/asn1js": {
      "version": "3.0.5",
      "license": "BSD-3-Clause",
      "dependencies": {
        "pvtsutils": "^1.3.2",
        "pvutils": "^1.1.3",
        "tslib": "^2.4.0"
      },
      "engines": {
        "node": ">=12.0.0"
      }
    },
    "node_modules/axobject-query": {
      "version": "4.1.0",
      "license": "Apache-2.0",
      "engines": {
        "node": ">= 0.4"
      }
    },
    "node_modules/base64-js": {
      "version": "1.5.1",
      "funding": [
        {
          "type": "github",
          "url": "https://github.com/sponsors/feross"
        },
        {
          "type": "patreon",
          "url": "https://www.patreon.com/feross"
        },
        {
          "type": "consulting",
          "url": "https://feross.org/support"
        }
      ],
      "license": "MIT"
    },
    "node_modules/buffer": {
      "version": "6.0.3",
      "funding": [
        {
          "type": "github",
          "url": "https://github.com/sponsors/feross"
        },
        {
          "type": "patreon",
          "url": "https://www.patreon.com/feross"
        },
        {
          "type": "consulting",
          "url": "https://feross.org/support"
        }
      ],
      "license": "MIT",
      "dependencies": {
        "base64-js": "^1.3.1",
        "ieee754": "^1.2.1"
      }
    },
    "node_modules/clsx": {
      "version": "2.1.1",
      "license": "MIT",
      "engines": {
        "node": ">=6"
      }
    },
    "node_modules/datastore-core": {
      "version": "10.0.2",
      "license": "Apache-2.0 OR MIT",
      "dependencies": {
        "@libp2p/logger": "^5.0.1",
        "interface-datastore": "^8.0.0",
        "interface-store": "^6.0.0",
        "it-drain": "^3.0.7",
        "it-filter": "^3.1.1",
        "it-map": "^3.1.1",
        "it-merge": "^3.0.5",
        "it-pipe": "^3.0.1",
        "it-pushable": "^3.2.3",
        "it-sort": "^3.0.6",
        "it-take": "^3.0.6"
      }
    },
    "node_modules/datastore-idb": {
      "version": "3.0.1",
      "license": "Apache-2.0 OR MIT",
      "dependencies": {
        "datastore-core": "^10.0.0",
        "idb": "^8.0.0",
        "interface-datastore": "^8.0.0",
        "interface-store": "^6.0.0",
        "it-filter": "^3.1.1",
        "it-sort": "^3.0.6"
      }
    },
    "node_modules/debug": {
      "version": "4.4.0",
      "license": "MIT",
      "dependencies": {
        "ms": "^2.1.3"
      },
      "engines": {
        "node": ">=6.0"
      },
      "peerDependenciesMeta": {
        "supports-color": {
          "optional": true
        }
      }
    },
    "node_modules/deepmerge": {
      "version": "4.3.1",
      "license": "MIT",
      "engines": {
        "node": ">=0.10.0"
      }
    },
    "node_modules/delay": {
      "version": "6.0.0",
      "license": "MIT",
      "engines": {
        "node": ">=16"
      },
      "funding": {
        "url": "https://github.com/sponsors/sindresorhus"
      }
    },
    "node_modules/denque": {
      "version": "2.1.0",
      "license": "Apache-2.0",
      "engines": {
        "node": ">=0.10"
      }
    },
    "node_modules/dns-packet": {
      "version": "5.6.1",
      "license": "MIT",
      "dependencies": {
        "@leichtgewicht/ip-codec": "^2.0.1"
      },
      "engines": {
        "node": ">=6"
      }
    },
    "node_modules/esbuild": {
      "version": "0.25.0",
      "resolved": "https://registry.npmjs.org/esbuild/-/esbuild-0.25.0.tgz",
      "integrity": "sha512-BXq5mqc8ltbaN34cDqWuYKyNhX8D/Z0J1xdtdQ8UcIIIyJyz+ZMKUt58tF3SrZ85jcfN/PZYhjR5uDQAYNVbuw==",
      "hasInstallScript": true,
      "license": "MIT",
      "bin": {
        "esbuild": "bin/esbuild"
      },
      "engines": {
        "node": ">=18"
      },
      "optionalDependencies": {
        "@esbuild/aix-ppc64": "0.25.0",
        "@esbuild/android-arm": "0.25.0",
        "@esbuild/android-arm64": "0.25.0",
        "@esbuild/android-x64": "0.25.0",
        "@esbuild/darwin-arm64": "0.25.0",
        "@esbuild/darwin-x64": "0.25.0",
        "@esbuild/freebsd-arm64": "0.25.0",
        "@esbuild/freebsd-x64": "0.25.0",
        "@esbuild/linux-arm": "0.25.0",
        "@esbuild/linux-arm64": "0.25.0",
        "@esbuild/linux-ia32": "0.25.0",
        "@esbuild/linux-loong64": "0.25.0",
        "@esbuild/linux-mips64el": "0.25.0",
        "@esbuild/linux-ppc64": "0.25.0",
        "@esbuild/linux-riscv64": "0.25.0",
        "@esbuild/linux-s390x": "0.25.0",
        "@esbuild/linux-x64": "0.25.0",
        "@esbuild/netbsd-arm64": "0.25.0",
        "@esbuild/netbsd-x64": "0.25.0",
        "@esbuild/openbsd-arm64": "0.25.0",
        "@esbuild/openbsd-x64": "0.25.0",
        "@esbuild/sunos-x64": "0.25.0",
        "@esbuild/win32-arm64": "0.25.0",
        "@esbuild/win32-ia32": "0.25.0",
        "@esbuild/win32-x64": "0.25.0"
      }
    },
    "node_modules/esm-env": {
      "version": "1.2.2",
      "license": "MIT"
    },
    "node_modules/esrap": {
      "version": "1.4.5",
      "license": "MIT",
      "dependencies": {
        "@jridgewell/sourcemap-codec": "^1.4.15"
      }
    },
    "node_modules/event-iterator": {
      "version": "2.0.0",
      "license": "MIT"
    },
    "node_modules/eventemitter3": {
      "version": "5.0.1",
      "license": "MIT"
    },
    "node_modules/get-iterator": {
      "version": "2.0.1",
      "license": "MIT"
    },
    "node_modules/hashlru": {
      "version": "2.3.0",
      "license": "MIT"
    },
    "node_modules/howler": {
      "version": "2.2.4",
      "license": "MIT"
    },
    "node_modules/idb": {
      "version": "8.0.2",
      "license": "ISC"
    },
    "node_modules/idb-keyval": {
      "version": "6.2.1",
      "license": "Apache-2.0"
    },
    "node_modules/ieee754": {
      "version": "1.2.1",
      "funding": [
        {
          "type": "github",
          "url": "https://github.com/sponsors/feross"
        },
        {
          "type": "patreon",
          "url": "https://www.patreon.com/feross"
        },
        {
          "type": "consulting",
          "url": "https://feross.org/support"
        }
      ],
      "license": "BSD-3-Clause"
    },
    "node_modules/interface-datastore": {
      "version": "8.3.1",
      "license": "Apache-2.0 OR MIT",
      "dependencies": {
        "interface-store": "^6.0.0",
        "uint8arrays": "^5.1.0"
      }
    },
    "node_modules/interface-store": {
      "version": "6.0.2",
      "license": "Apache-2.0 OR MIT"
    },
    "node_modules/is-loopback-addr": {
      "version": "2.0.2",
      "license": "MIT"
    },
    "node_modules/is-network-error": {
      "version": "1.1.0",
      "license": "MIT",
      "engines": {
        "node": ">=16"
      },
      "funding": {
        "url": "https://github.com/sponsors/sindresorhus"
      }
    },
    "node_modules/is-plain-obj": {
      "version": "2.1.0",
      "license": "MIT",
      "engines": {
        "node": ">=8"
      }
    },
    "node_modules/is-reference": {
      "version": "3.0.3",
      "license": "MIT",
      "dependencies": {
        "@types/estree": "^1.0.6"
      }
    },
    "node_modules/it-all": {
      "version": "3.0.6",
      "license": "Apache-2.0 OR MIT"
    },
    "node_modules/it-byte-stream": {
      "version": "1.1.0",
      "license": "Apache-2.0 OR MIT",
      "dependencies": {
        "it-queueless-pushable": "^1.0.0",
        "it-stream-types": "^2.0.1",
        "uint8arraylist": "^2.4.8"
      }
    },
    "node_modules/it-drain": {
      "version": "3.0.7",
      "license": "Apache-2.0 OR MIT"
    },
    "node_modules/it-filter": {
      "version": "3.1.1",
      "license": "Apache-2.0 OR MIT",
      "dependencies": {
        "it-peekable": "^3.0.0"
      }
    },
    "node_modules/it-foreach": {
      "version": "2.1.1",
      "license": "Apache-2.0 OR MIT",
      "dependencies": {
        "it-peekable": "^3.0.0"
      }
    },
    "node_modules/it-length-prefixed": {
      "version": "9.1.1",
      "license": "Apache-2.0 OR MIT",
      "dependencies": {
        "it-reader": "^6.0.1",
        "it-stream-types": "^2.0.1",
        "uint8-varint": "^2.0.1",
        "uint8arraylist": "^2.0.0",
        "uint8arrays": "^5.0.1"
      },
      "engines": {
        "node": ">=16.0.0",
        "npm": ">=7.0.0"
      }
    },
    "node_modules/it-length-prefixed-stream": {
      "version": "1.2.0",
      "license": "Apache-2.0 OR MIT",
      "dependencies": {
        "it-byte-stream": "^1.0.0",
        "it-stream-types": "^2.0.1",
        "uint8-varint": "^2.0.4",
        "uint8arraylist": "^2.4.8"
      }
    },
    "node_modules/it-map": {
      "version": "3.1.1",
      "license": "Apache-2.0 OR MIT",
      "dependencies": {
        "it-peekable": "^3.0.0"
      }
    },
    "node_modules/it-merge": {
      "version": "3.0.5",
      "license": "Apache-2.0 OR MIT",
      "dependencies": {
        "it-pushable": "^3.2.3"
      }
    },
    "node_modules/it-parallel": {
      "version": "3.0.8",
      "license": "Apache-2.0 OR MIT",
      "dependencies": {
        "p-defer": "^4.0.1"
      }
    },
    "node_modules/it-peekable": {
      "version": "3.0.5",
      "license": "Apache-2.0 OR MIT"
    },
    "node_modules/it-pipe": {
      "version": "3.0.1",
      "license": "Apache-2.0 OR MIT",
      "dependencies": {
        "it-merge": "^3.0.0",
        "it-pushable": "^3.1.2",
        "it-stream-types": "^2.0.1"
      },
      "engines": {
        "node": ">=16.0.0",
        "npm": ">=7.0.0"
      }
    },
    "node_modules/it-protobuf-stream": {
      "version": "1.1.5",
      "license": "Apache-2.0 OR MIT",
      "dependencies": {
        "it-length-prefixed-stream": "^1.0.0",
        "it-stream-types": "^2.0.1",
        "uint8arraylist": "^2.4.8"
      }
    },
    "node_modules/it-pushable": {
      "version": "3.2.3",
      "license": "Apache-2.0 OR MIT",
      "dependencies": {
        "p-defer": "^4.0.0"
      }
    },
    "node_modules/it-queueless-pushable": {
      "version": "1.0.0",
      "license": "Apache-2.0 OR MIT",
      "dependencies": {
        "p-defer": "^4.0.1",
        "race-signal": "^1.0.2"
      }
    },
    "node_modules/it-reader": {
      "version": "6.0.4",
      "license": "Apache-2.0 OR MIT",
      "dependencies": {
        "it-stream-types": "^2.0.1",
        "uint8arraylist": "^2.0.0"
      },
      "engines": {
        "node": ">=16.0.0",
        "npm": ">=7.0.0"
      }
    },
    "node_modules/it-sort": {
      "version": "3.0.6",
      "license": "Apache-2.0 OR MIT",
      "dependencies": {
        "it-all": "^3.0.0"
      }
    },
    "node_modules/it-stream-types": {
      "version": "2.0.2",
      "license": "Apache-2.0 OR MIT"
    },
    "node_modules/it-take": {
      "version": "3.0.6",
      "license": "Apache-2.0 OR MIT"
    },
    "node_modules/it-ws": {
      "version": "6.1.5",
      "license": "Apache-2.0 OR MIT",
      "dependencies": {
        "@types/ws": "^8.2.2",
        "event-iterator": "^2.0.0",
        "it-stream-types": "^2.0.1",
        "uint8arrays": "^5.0.0",
        "ws": "^8.4.0"
      },
      "engines": {
        "node": ">=16.0.0",
        "npm": ">=7.0.0"
      }
    },
    "node_modules/kleur": {
      "version": "4.1.5",
      "license": "MIT",
      "engines": {
        "node": ">=6"
      }
    },
    "node_modules/libp2p": {
      "version": "2.7.4",
      "resolved": "https://registry.npmjs.org/libp2p/-/libp2p-2.7.4.tgz",
      "integrity": "sha512-/jZCe6khlcTt10USjrWJnqWaX2tiUAtB15qDDWvj0aEKABWWoxQtaK/Yr1l1gJy25IVTWZ/doSCnQftm0fCXJw==",
      "license": "Apache-2.0 OR MIT",
      "dependencies": {
        "@chainsafe/is-ip": "^2.0.2",
        "@chainsafe/netmask": "^2.0.0",
        "@libp2p/crypto": "^5.0.13",
        "@libp2p/interface": "^2.6.1",
        "@libp2p/interface-internal": "^2.3.5",
        "@libp2p/logger": "^5.1.10",
        "@libp2p/multistream-select": "^6.0.17",
        "@libp2p/peer-collections": "^6.0.21",
        "@libp2p/peer-id": "^5.0.14",
        "@libp2p/peer-store": "^11.0.21",
        "@libp2p/utils": "^6.5.5",
        "@multiformats/dns": "^1.0.6",
        "@multiformats/multiaddr": "^12.3.5",
        "@multiformats/multiaddr-matcher": "^1.6.0",
        "any-signal": "^4.1.1",
        "datastore-core": "^10.0.2",
        "interface-datastore": "^8.3.1",
        "it-byte-stream": "^1.1.0",
        "it-merge": "^3.0.5",
        "it-parallel": "^3.0.8",
        "merge-options": "^3.0.4",
        "multiformats": "^13.3.1",
        "p-defer": "^4.0.1",
        "p-retry": "^6.2.1",
        "progress-events": "^1.0.1",
        "race-event": "^1.3.0",
        "race-signal": "^1.1.2",
        "uint8arrays": "^5.1.0"
      }
    },
    "node_modules/locate-character": {
      "version": "3.0.0",
      "license": "MIT"
    },
    "node_modules/magic-string": {
      "version": "0.30.17",
      "license": "MIT",
      "dependencies": {
        "@jridgewell/sourcemap-codec": "^1.5.0"
      }
    },
    "node_modules/merge-options": {
      "version": "3.0.4",
      "license": "MIT",
      "dependencies": {
        "is-plain-obj": "^2.1.0"
      },
      "engines": {
        "node": ">=10"
      }
    },
    "node_modules/mortice": {
      "version": "3.0.6",
      "resolved": "https://registry.npmjs.org/mortice/-/mortice-3.0.6.tgz",
      "integrity": "sha512-xUjsTQreX8rO3pHuGYDZ3PY/sEiONIzqzjLeog5akdY4bz9TlDDuvYlU8fm+6qnm4rnpa6AFxLhsfSBThLijdA==",
      "license": "Apache-2.0 OR MIT",
      "dependencies": {
        "observable-webworkers": "^2.0.1",
        "p-queue": "^8.0.1",
        "p-timeout": "^6.0.0"
      }
    },
    "node_modules/ms": {
      "version": "2.1.3",
      "license": "MIT"
    },
    "node_modules/multiformats": {
      "version": "13.3.2",
      "license": "Apache-2.0 OR MIT"
    },
    "node_modules/nanoid": {
      "version": "5.1.0",
      "funding": [
        {
          "type": "github",
          "url": "https://github.com/sponsors/ai"
        }
      ],
      "license": "MIT",
      "bin": {
        "nanoid": "bin/nanoid.js"
      },
      "engines": {
        "node": "^18 || >=20"
      }
    },
    "node_modules/netmask": {
      "version": "2.0.2",
      "license": "MIT",
      "engines": {
        "node": ">= 0.4.0"
      }
    },
    "node_modules/observable-webworkers": {
      "version": "2.0.1",
      "resolved": "https://registry.npmjs.org/observable-webworkers/-/observable-webworkers-2.0.1.tgz",
      "integrity": "sha512-JI1vB0u3pZjoQKOK1ROWzp0ygxSi7Yb0iR+7UNsw4/Zn4cQ0P3R7XL38zac/Dy2tEA7Lg88/wIJTjF8vYXZ0uw==",
      "license": "Apache-2.0 OR MIT",
      "engines": {
        "node": ">=16.0.0",
        "npm": ">=7.0.0"
      }
    },
    "node_modules/p-defer": {
      "version": "4.0.1",
      "license": "MIT",
      "engines": {
        "node": ">=12"
      },
      "funding": {
        "url": "https://github.com/sponsors/sindresorhus"
      }
    },
    "node_modules/p-event": {
      "version": "6.0.1",
      "license": "MIT",
      "dependencies": {
        "p-timeout": "^6.1.2"
      },
      "engines": {
        "node": ">=16.17"
      },
      "funding": {
        "url": "https://github.com/sponsors/sindresorhus"
      }
    },
    "node_modules/p-queue": {
      "version": "8.1.0",
      "license": "MIT",
      "dependencies": {
        "eventemitter3": "^5.0.1",
        "p-timeout": "^6.1.2"
      },
      "engines": {
        "node": ">=18"
      },
      "funding": {
        "url": "https://github.com/sponsors/sindresorhus"
      }
    },
    "node_modules/p-retry": {
      "version": "6.2.1",
      "license": "MIT",
      "dependencies": {
        "@types/retry": "0.12.2",
        "is-network-error": "^1.0.0",
        "retry": "^0.13.1"
      },
      "engines": {
        "node": ">=16.17"
      },
      "funding": {
        "url": "https://github.com/sponsors/sindresorhus"
      }
    },
    "node_modules/p-timeout": {
      "version": "6.1.4",
      "license": "MIT",
      "engines": {
        "node": ">=14.16"
      },
      "funding": {
        "url": "https://github.com/sponsors/sindresorhus"
      }
    },
    "node_modules/picocolors": {
      "version": "1.1.1",
      "resolved": "https://registry.npmjs.org/picocolors/-/picocolors-1.1.1.tgz",
      "integrity": "sha512-xceH2snhtb5M9liqDsmEw56le376mTZkEX/jEb/RxNFyegNul7eNslCXP9FDj/Lcu0X8KEyMceP2ntpaHrDEVA==",
      "license": "ISC"
    },
    "node_modules/postcss": {
      "version": "8.5.3",
      "resolved": "https://registry.npmjs.org/postcss/-/postcss-8.5.3.tgz",
      "integrity": "sha512-dle9A3yYxlBSrt8Fu+IpjGT8SY8hN0mlaA6GY8t0P5PjIOZemULz/E2Bnm/2dcUOena75OTNkHI76uZBNUUq3A==",
      "funding": [
        {
          "type": "opencollective",
          "url": "https://opencollective.com/postcss/"
        },
        {
          "type": "tidelift",
          "url": "https://tidelift.com/funding/github/npm/postcss"
        },
        {
          "type": "github",
          "url": "https://github.com/sponsors/ai"
        }
      ],
      "license": "MIT",
      "dependencies": {
        "nanoid": "^3.3.8",
        "picocolors": "^1.1.1",
        "source-map-js": "^1.2.1"
      },
      "engines": {
        "node": "^10 || ^12 || >=14"
      }
    },
    "node_modules/postcss/node_modules/nanoid": {
      "version": "3.3.8",
      "resolved": "https://registry.npmjs.org/nanoid/-/nanoid-3.3.8.tgz",
      "integrity": "sha512-WNLf5Sd8oZxOm+TzppcYk8gVOgP+l58xNy58D0nbUnOxOWRWvlcCV4kUF7ltmI6PsrLl/BgKEyS4mqsGChFN0w==",
      "funding": [
        {
          "type": "github",
          "url": "https://github.com/sponsors/ai"
        }
      ],
      "license": "MIT",
      "bin": {
        "nanoid": "bin/nanoid.cjs"
      },
      "engines": {
        "node": "^10 || ^12 || ^13.7 || ^14 || >=15.0.1"
      }
    },
    "node_modules/progress-events": {
      "version": "1.0.1",
      "license": "Apache-2.0 OR MIT"
    },
    "node_modules/protons-runtime": {
      "version": "5.5.0",
      "license": "Apache-2.0 OR MIT",
      "dependencies": {
        "uint8-varint": "^2.0.2",
        "uint8arraylist": "^2.4.3",
        "uint8arrays": "^5.0.1"
      }
    },
    "node_modules/pvtsutils": {
      "version": "1.3.6",
      "license": "MIT",
      "dependencies": {
        "tslib": "^2.8.1"
      }
    },
    "node_modules/pvutils": {
      "version": "1.1.3",
      "license": "MIT",
      "engines": {
        "node": ">=6.0.0"
      }
    },
    "node_modules/race-event": {
      "version": "1.3.0",
      "license": "Apache-2.0 OR MIT"
    },
    "node_modules/race-signal": {
      "version": "1.1.2",
      "license": "Apache-2.0 OR MIT"
    },
    "node_modules/retimeable-signal": {
      "version": "1.0.1",
      "license": "Apache-2.0 OR MIT"
    },
    "node_modules/retry": {
      "version": "0.13.1",
      "license": "MIT",
      "engines": {
        "node": ">= 4"
      }
    },
    "node_modules/rollup": {
      "version": "4.34.8",
      "license": "MIT",
      "dependencies": {
        "@types/estree": "1.0.6"
      },
      "bin": {
        "rollup": "dist/bin/rollup"
      },
      "engines": {
        "node": ">=18.0.0",
        "npm": ">=8.0.0"
      },
      "optionalDependencies": {
        "@rollup/rollup-android-arm-eabi": "4.34.8",
        "@rollup/rollup-android-arm64": "4.34.8",
        "@rollup/rollup-darwin-arm64": "4.34.8",
        "@rollup/rollup-darwin-x64": "4.34.8",
        "@rollup/rollup-freebsd-arm64": "4.34.8",
        "@rollup/rollup-freebsd-x64": "4.34.8",
        "@rollup/rollup-linux-arm-gnueabihf": "4.34.8",
        "@rollup/rollup-linux-arm-musleabihf": "4.34.8",
        "@rollup/rollup-linux-arm64-gnu": "4.34.8",
        "@rollup/rollup-linux-arm64-musl": "4.34.8",
        "@rollup/rollup-linux-loongarch64-gnu": "4.34.8",
        "@rollup/rollup-linux-powerpc64le-gnu": "4.34.8",
        "@rollup/rollup-linux-riscv64-gnu": "4.34.8",
        "@rollup/rollup-linux-s390x-gnu": "4.34.8",
        "@rollup/rollup-linux-x64-gnu": "4.34.8",
        "@rollup/rollup-linux-x64-musl": "4.34.8",
        "@rollup/rollup-win32-arm64-msvc": "4.34.8",
        "@rollup/rollup-win32-ia32-msvc": "4.34.8",
        "@rollup/rollup-win32-x64-msvc": "4.34.8",
        "fsevents": "~2.3.2"
      }
    },
    "node_modules/sanitize-filename": {
      "version": "1.6.3",
      "resolved": "https://registry.npmjs.org/sanitize-filename/-/sanitize-filename-1.6.3.tgz",
      "integrity": "sha512-y/52Mcy7aw3gRm7IrcGDFx/bCk4AhRh2eI9luHOQM86nZsqwiRkkq2GekHXBBD+SmPidc8i2PqtYZl+pWJ8Oeg==",
      "license": "WTFPL OR ISC",
      "dependencies": {
        "truncate-utf8-bytes": "^1.0.0"
      }
    },
    "node_modules/source-map-js": {
      "version": "1.2.1",
      "resolved": "https://registry.npmjs.org/source-map-js/-/source-map-js-1.2.1.tgz",
      "integrity": "sha512-UXWMKhLOwVKb728IUtQPXxfYU+usdybtUrK/8uGE8CQMvrhOpwvzDBwj0QhSL7MQc7vIsISBG8VQ8+IDQxpfQA==",
      "license": "BSD-3-Clause",
      "engines": {
        "node": ">=0.10.0"
      }
    },
    "node_modules/supports-color": {
      "version": "9.4.0",
      "license": "MIT",
      "engines": {
        "node": ">=12"
      },
      "funding": {
        "url": "https://github.com/chalk/supports-color?sponsor=1"
      }
    },
    "node_modules/svelte": {
      "version": "5.20.5",
      "resolved": "https://registry.npmjs.org/svelte/-/svelte-5.20.5.tgz",
      "integrity": "sha512-dpu2lTPVsAAgZFKpF7A9741sBCdXGogfxFU4aQeVgun7GVNCSVheTzj0FsT7g9OsLhBaMX4lKLwVIvmzQGytmQ==",
      "license": "MIT",
      "dependencies": {
        "@ampproject/remapping": "^2.3.0",
        "@jridgewell/sourcemap-codec": "^1.5.0",
        "@types/estree": "^1.0.5",
        "acorn": "^8.12.1",
        "acorn-typescript": "^1.4.13",
        "aria-query": "^5.3.1",
        "axobject-query": "^4.1.0",
        "clsx": "^2.1.1",
        "esm-env": "^1.2.1",
        "esrap": "^1.4.3",
        "is-reference": "^3.0.3",
        "locate-character": "^3.0.0",
        "magic-string": "^0.30.11",
        "zimmerframe": "^1.1.2"
      },
      "engines": {
        "node": ">=18"
      }
    },
    "node_modules/truncate-utf8-bytes": {
      "version": "1.0.2",
      "resolved": "https://registry.npmjs.org/truncate-utf8-bytes/-/truncate-utf8-bytes-1.0.2.tgz",
      "integrity": "sha512-95Pu1QXQvruGEhv62XCMO3Mm90GscOCClvrIUwCM0PYOXK3kaF3l3sIHxx71ThJfcbM2O5Au6SO3AWCSEfW4mQ==",
      "license": "WTFPL",
      "dependencies": {
        "utf8-byte-length": "^1.0.1"
      }
    },
    "node_modules/tslib": {
      "version": "2.8.1",
      "license": "0BSD"
    },
    "node_modules/uint8-varint": {
      "version": "2.0.4",
      "license": "Apache-2.0 OR MIT",
      "dependencies": {
        "uint8arraylist": "^2.0.0",
        "uint8arrays": "^5.0.0"
      }
    },
    "node_modules/uint8arraylist": {
      "version": "2.4.8",
      "license": "Apache-2.0 OR MIT",
      "dependencies": {
        "uint8arrays": "^5.0.1"
      }
    },
    "node_modules/uint8arrays": {
      "version": "5.1.0",
      "license": "Apache-2.0 OR MIT",
      "dependencies": {
        "multiformats": "^13.0.0"
      }
    },
    "node_modules/undici-types": {
      "version": "6.20.0",
      "license": "MIT"
    },
    "node_modules/utf8-byte-length": {
      "version": "1.0.5",
      "resolved": "https://registry.npmjs.org/utf8-byte-length/-/utf8-byte-length-1.0.5.tgz",
      "integrity": "sha512-Xn0w3MtiQ6zoz2vFyUVruaCL53O/DwUvkEeOvj+uulMm0BkUGYWmBYVyElqZaSLhY6ZD0ulfU3aBra2aVT4xfA==",
      "license": "(WTFPL OR MIT)"
    },
    "node_modules/vite": {
      "version": "6.2.0",
      "resolved": "https://registry.npmjs.org/vite/-/vite-6.2.0.tgz",
      "integrity": "sha512-7dPxoo+WsT/64rDcwoOjk76XHj+TqNTIvHKcuMQ1k4/SeHDaQt5GFAeLYzrimZrMpn/O6DtdI03WUjdxuPM0oQ==",
      "license": "MIT",
      "dependencies": {
        "esbuild": "^0.25.0",
        "postcss": "^8.5.3",
        "rollup": "^4.30.1"
      },
      "bin": {
        "vite": "bin/vite.js"
      },
      "engines": {
        "node": "^18.0.0 || ^20.0.0 || >=22.0.0"
      },
      "funding": {
        "url": "https://github.com/vitejs/vite?sponsor=1"
      },
      "optionalDependencies": {
        "fsevents": "~2.3.3"
      },
      "peerDependencies": {
        "@types/node": "^18.0.0 || ^20.0.0 || >=22.0.0",
        "jiti": ">=1.21.0",
        "less": "*",
        "lightningcss": "^1.21.0",
        "sass": "*",
        "sass-embedded": "*",
        "stylus": "*",
        "sugarss": "*",
        "terser": "^5.16.0",
        "tsx": "^4.8.1",
        "yaml": "^2.4.2"
      },
      "peerDependenciesMeta": {
        "@types/node": {
          "optional": true
        },
        "jiti": {
          "optional": true
        },
        "less": {
          "optional": true
        },
        "lightningcss": {
          "optional": true
        },
        "sass": {
          "optional": true
        },
        "sass-embedded": {
          "optional": true
        },
        "stylus": {
          "optional": true
        },
        "sugarss": {
          "optional": true
        },
        "terser": {
          "optional": true
        },
        "tsx": {
          "optional": true
        },
        "yaml": {
          "optional": true
        }
      }
    },
    "node_modules/vitefu": {
      "version": "1.0.5",
      "license": "MIT",
      "workspaces": [
        "tests/deps/*",
        "tests/projects/*"
      ],
      "peerDependencies": {
        "vite": "^3.0.0 || ^4.0.0 || ^5.0.0 || ^6.0.0"
      },
      "peerDependenciesMeta": {
        "vite": {
          "optional": true
        }
      }
    },
    "node_modules/weald": {
      "version": "1.0.4",
      "license": "Apache-2.0 OR MIT",
      "dependencies": {
        "ms": "^3.0.0-canary.1",
        "supports-color": "^9.4.0"
      }
    },
    "node_modules/weald/node_modules/ms": {
      "version": "3.0.0-canary.1",
      "license": "MIT",
      "engines": {
        "node": ">=12.13"
      }
    },
    "node_modules/ws": {
      "version": "8.18.0",
      "license": "MIT",
      "engines": {
        "node": ">=10.0.0"
      },
      "peerDependencies": {
        "bufferutil": "^4.0.1",
        "utf-8-validate": ">=5.0.2"
      },
      "peerDependenciesMeta": {
        "bufferutil": {
          "optional": true
        },
        "utf-8-validate": {
          "optional": true
        }
      }
    },
    "node_modules/zimmerframe": {
      "version": "1.1.2",
      "license": "MIT"
    }
  }
}
