{
  "name": "digifall",
  "version": "0.9.0",
  "lockfileVersion": 3,
  "requires": true,
  "packages": {
    "": {
      "name": "digifall",
      "version": "0.9.0",
      "dependencies": {
        "@chainsafe/libp2p-gossipsub": "13.0.0",
        "@libp2p/bootstrap": "10.0.24",
        "@libp2p/circuit-relay-v2": "1.0.24",
        "@libp2p/dcutr": "1.0.21",
        "@libp2p/identify": "2.0.2",
        "@libp2p/mplex": "10.0.24",
        "@libp2p/peer-id-factory": "4.1.2",
        "@libp2p/plaintext": "1.0.24",
        "@libp2p/pubsub-peer-discovery": "10.0.2",
        "@libp2p/websockets": "8.0.24",
        "@sveltejs/vite-plugin-svelte": "3.1.1",
        "howler": "2.2.4",
        "idb-keyval": "6.2.1",
        "it-pipe": "3.0.1",
        "libp2p": "1.6.0",
        "svelte": "4.2.17",
        "uint8arrays": "5.1.0",
        "vite": "5.2.12"
      }
    },
    "node_modules/@ampproject/remapping": {
      "version": "2.3.0",
      "license": "Apache-2.0",
      "dependencies": {
        "@jridgewell/gen-mapping": "^0.3.5",
        "@jridgewell/trace-mapping": "^0.3.24"
      },
      "engines": {
        "node": ">=6.0.0"
      }
    },
    "node_modules/@chainsafe/is-ip": {
      "version": "2.0.2",
      "license": "MIT"
    },
    "node_modules/@chainsafe/libp2p-gossipsub": {
      "version": "13.0.0",
      "license": "Apache-2.0",
      "dependencies": {
        "@libp2p/crypto": "^4.0.1",
        "@libp2p/interface": "^1.1.2",
        "@libp2p/interface-internal": "^1.0.7",
        "@libp2p/peer-id": "^4.0.5",
        "@libp2p/pubsub": "^9.0.8",
        "@multiformats/multiaddr": "^12.1.14",
        "denque": "^2.1.0",
        "it-length-prefixed": "^9.0.4",
        "it-pipe": "^3.0.1",
        "it-pushable": "^3.2.3",
        "multiformats": "^13.0.1",
        "protons-runtime": "5.4.0",
        "uint8arraylist": "^2.4.8",
        "uint8arrays": "^5.0.1"
      },
      "engines": {
        "npm": ">=8.7.0"
      }
    },
    "node_modules/@chainsafe/netmask": {
      "version": "2.0.0",
      "license": "MIT",
      "dependencies": {
        "@chainsafe/is-ip": "^2.0.1"
      }
    },
    "node_modules/@esbuild/linux-x64": {
      "version": "0.20.2",
      "cpu": [
        "x64"
      ],
      "license": "MIT",
      "optional": true,
      "os": [
        "linux"
      ],
      "engines": {
        "node": ">=12"
      }
    },
    "node_modules/@jridgewell/gen-mapping": {
      "version": "0.3.5",
      "license": "MIT",
      "dependencies": {
        "@jridgewell/set-array": "^1.2.1",
        "@jridgewell/sourcemap-codec": "^1.4.10",
        "@jridgewell/trace-mapping": "^0.3.24"
      },
      "engines": {
        "node": ">=6.0.0"
      }
    },
    "node_modules/@jridgewell/resolve-uri": {
      "version": "3.1.2",
      "license": "MIT",
      "engines": {
        "node": ">=6.0.0"
      }
    },
    "node_modules/@jridgewell/set-array": {
      "version": "1.2.1",
      "license": "MIT",
      "engines": {
        "node": ">=6.0.0"
      }
    },
    "node_modules/@jridgewell/source-map": {
      "version": "0.3.6",
      "license": "MIT",
      "optional": true,
      "peer": true,
      "dependencies": {
        "@jridgewell/gen-mapping": "^0.3.5",
        "@jridgewell/trace-mapping": "^0.3.25"
      }
    },
    "node_modules/@jridgewell/sourcemap-codec": {
      "version": "1.4.15",
      "license": "MIT"
    },
    "node_modules/@jridgewell/trace-mapping": {
      "version": "0.3.25",
      "license": "MIT",
      "dependencies": {
        "@jridgewell/resolve-uri": "^3.1.0",
        "@jridgewell/sourcemap-codec": "^1.4.14"
      }
    },
    "node_modules/@leichtgewicht/ip-codec": {
      "version": "2.0.5",
      "license": "MIT"
    },
    "node_modules/@libp2p/bootstrap": {
      "version": "10.0.24",
      "license": "Apache-2.0 OR MIT",
      "dependencies": {
        "@libp2p/interface": "^1.4.0",
        "@libp2p/peer-id": "^4.1.2",
        "@multiformats/mafmt": "^12.1.6",
        "@multiformats/multiaddr": "^12.2.3"
      }
    },
    "node_modules/@libp2p/circuit-relay-v2": {
      "version": "1.0.24",
      "license": "Apache-2.0 OR MIT",
      "dependencies": {
        "@libp2p/interface": "^1.4.0",
        "@libp2p/interface-internal": "^1.2.2",
        "@libp2p/peer-collections": "^5.2.2",
        "@libp2p/peer-id": "^4.1.2",
        "@libp2p/peer-record": "^7.0.18",
        "@libp2p/utils": "^5.4.2",
        "@multiformats/mafmt": "^12.1.6",
        "@multiformats/multiaddr": "^12.2.3",
        "any-signal": "^4.1.1",
        "it-protobuf-stream": "^1.1.3",
        "it-stream-types": "^2.0.1",
        "multiformats": "^13.1.0",
        "p-defer": "^4.0.1",
        "p-retry": "^6.2.0",
        "protons-runtime": "^5.4.0",
        "uint8arraylist": "^2.4.8",
        "uint8arrays": "^5.1.0"
      }
    },
    "node_modules/@libp2p/crypto": {
      "version": "4.1.2",
      "license": "Apache-2.0 OR MIT",
      "dependencies": {
        "@libp2p/interface": "^1.4.0",
        "@noble/curves": "^1.4.0",
        "@noble/hashes": "^1.4.0",
        "asn1js": "^3.0.5",
        "multiformats": "^13.1.0",
        "protons-runtime": "^5.4.0",
        "uint8arraylist": "^2.4.8",
        "uint8arrays": "^5.1.0"
      }
    },
    "node_modules/@libp2p/dcutr": {
      "version": "1.0.21",
      "license": "Apache-2.0 OR MIT",
      "dependencies": {
        "@libp2p/interface": "^1.4.0",
        "@libp2p/interface-internal": "^1.2.2",
        "@libp2p/utils": "^5.4.2",
        "@multiformats/multiaddr": "^12.2.3",
        "@multiformats/multiaddr-matcher": "^1.2.1",
        "delay": "^6.0.0",
        "it-protobuf-stream": "^1.1.3",
        "protons-runtime": "^5.4.0",
        "uint8arraylist": "^2.4.8"
      }
    },
    "node_modules/@libp2p/identify": {
      "version": "2.0.2",
      "license": "Apache-2.0 OR MIT",
      "dependencies": {
        "@libp2p/interface": "^1.4.0",
        "@libp2p/interface-internal": "^1.2.2",
        "@libp2p/peer-id": "^4.1.2",
        "@libp2p/peer-record": "^7.0.18",
        "@multiformats/multiaddr": "^12.2.3",
        "@multiformats/multiaddr-matcher": "^1.2.1",
        "it-drain": "^3.0.7",
        "it-parallel": "^3.0.7",
        "it-protobuf-stream": "^1.1.3",
        "protons-runtime": "^5.4.0",
        "uint8arraylist": "^2.4.8",
        "uint8arrays": "^5.1.0",
        "wherearewe": "^2.0.1"
      }
    },
    "node_modules/@libp2p/interface": {
      "version": "1.4.0",
      "license": "Apache-2.0 OR MIT",
      "dependencies": {
        "@multiformats/multiaddr": "^12.2.3",
        "it-pushable": "^3.2.3",
        "it-stream-types": "^2.0.1",
        "multiformats": "^13.1.0",
        "progress-events": "^1.0.0",
        "uint8arraylist": "^2.4.8"
      }
    },
    "node_modules/@libp2p/interface-internal": {
      "version": "1.2.2",
      "license": "Apache-2.0 OR MIT",
      "dependencies": {
        "@libp2p/interface": "^1.4.0",
        "@libp2p/peer-collections": "^5.2.2",
        "@multiformats/multiaddr": "^12.2.3",
        "uint8arraylist": "^2.4.8"
      }
    },
    "node_modules/@libp2p/logger": {
      "version": "4.0.13",
      "license": "Apache-2.0 OR MIT",
      "dependencies": {
        "@libp2p/interface": "^1.4.0",
        "@multiformats/multiaddr": "^12.2.3",
        "debug": "^4.3.4",
        "interface-datastore": "^8.2.11",
        "multiformats": "^13.1.0"
      }
    },
    "node_modules/@libp2p/mplex": {
      "version": "10.0.24",
      "license": "Apache-2.0 OR MIT",
      "dependencies": {
        "@libp2p/interface": "^1.4.0",
        "@libp2p/utils": "^5.4.2",
        "it-pipe": "^3.0.1",
        "it-pushable": "^3.2.3",
        "it-stream-types": "^2.0.1",
        "uint8-varint": "^2.0.4",
        "uint8arraylist": "^2.4.8",
        "uint8arrays": "^5.1.0"
      }
    },
    "node_modules/@libp2p/multistream-select": {
      "version": "5.1.10",
      "license": "Apache-2.0 OR MIT",
      "dependencies": {
        "@libp2p/interface": "^1.4.0",
        "it-length-prefixed": "^9.0.4",
        "it-length-prefixed-stream": "^1.1.7",
        "it-stream-types": "^2.0.1",
        "p-defer": "^4.0.1",
        "race-signal": "^1.0.2",
        "uint8-varint": "^2.0.4",
        "uint8arraylist": "^2.4.8",
        "uint8arrays": "^5.1.0"
      }
    },
    "node_modules/@libp2p/peer-collections": {
      "version": "5.2.2",
      "license": "Apache-2.0 OR MIT",
      "dependencies": {
        "@libp2p/interface": "^1.4.0",
        "@libp2p/peer-id": "^4.1.2",
        "@libp2p/utils": "^5.4.2"
      }
    },
    "node_modules/@libp2p/peer-id": {
      "version": "4.1.2",
      "license": "Apache-2.0 OR MIT",
      "dependencies": {
        "@libp2p/interface": "^1.4.0",
        "multiformats": "^13.1.0",
        "uint8arrays": "^5.1.0"
      }
    },
    "node_modules/@libp2p/peer-id-factory": {
      "version": "4.1.2",
      "license": "Apache-2.0 OR MIT",
      "dependencies": {
        "@libp2p/crypto": "^4.1.2",
        "@libp2p/interface": "^1.4.0",
        "@libp2p/peer-id": "^4.1.2",
        "protons-runtime": "^5.4.0",
        "uint8arraylist": "^2.4.8",
        "uint8arrays": "^5.1.0"
      }
    },
    "node_modules/@libp2p/peer-record": {
      "version": "7.0.18",
      "license": "Apache-2.0 OR MIT",
      "dependencies": {
        "@libp2p/crypto": "^4.1.2",
        "@libp2p/interface": "^1.4.0",
        "@libp2p/peer-id": "^4.1.2",
        "@libp2p/utils": "^5.4.2",
        "@multiformats/multiaddr": "^12.2.3",
        "protons-runtime": "^5.4.0",
        "uint8-varint": "^2.0.4",
        "uint8arraylist": "^2.4.8",
        "uint8arrays": "^5.1.0"
      }
    },
    "node_modules/@libp2p/peer-store": {
      "version": "10.0.19",
      "license": "Apache-2.0 OR MIT",
      "dependencies": {
        "@libp2p/interface": "^1.4.0",
        "@libp2p/peer-collections": "^5.2.2",
        "@libp2p/peer-id": "^4.1.2",
        "@libp2p/peer-record": "^7.0.18",
        "@multiformats/multiaddr": "^12.2.3",
        "interface-datastore": "^8.2.11",
        "it-all": "^3.0.6",
        "mortice": "^3.0.4",
        "multiformats": "^13.1.0",
        "protons-runtime": "^5.4.0",
        "uint8arraylist": "^2.4.8",
        "uint8arrays": "^5.1.0"
      }
    },
    "node_modules/@libp2p/plaintext": {
      "version": "1.0.24",
      "license": "Apache-2.0 OR MIT",
      "dependencies": {
        "@libp2p/interface": "^1.4.0",
        "@libp2p/peer-id": "^4.1.2",
        "it-protobuf-stream": "^1.1.3",
        "it-stream-types": "^2.0.1",
        "protons-runtime": "^5.4.0",
        "uint8arraylist": "^2.4.8"
      }
    },
    "node_modules/@libp2p/pubsub": {
      "version": "9.0.19",
      "license": "Apache-2.0 OR MIT",
      "dependencies": {
        "@libp2p/crypto": "^4.1.2",
        "@libp2p/interface": "^1.4.0",
        "@libp2p/interface-internal": "^1.2.2",
        "@libp2p/peer-collections": "^5.2.2",
        "@libp2p/peer-id": "^4.1.2",
        "@libp2p/utils": "^5.4.2",
        "it-length-prefixed": "^9.0.4",
        "it-pipe": "^3.0.1",
        "it-pushable": "^3.2.3",
        "multiformats": "^13.1.0",
        "p-queue": "^8.0.1",
        "uint8arraylist": "^2.4.8",
        "uint8arrays": "^5.1.0"
      }
    },
    "node_modules/@libp2p/pubsub-peer-discovery": {
      "version": "10.0.2",
      "license": "Apache-2.0 OR MIT",
      "dependencies": {
        "@libp2p/interface": "^1.0.1",
        "@libp2p/interface-internal": "^1.0.1",
        "@libp2p/peer-id": "^4.0.1",
        "@multiformats/multiaddr": "^12.0.0",
        "protons-runtime": "^5.0.0",
        "uint8arraylist": "^2.4.3",
        "uint8arrays": "^4.0.9"
      }
    },
    "node_modules/@libp2p/pubsub-peer-discovery/node_modules/multiformats": {
      "version": "12.1.3",
      "license": "Apache-2.0 OR MIT",
      "engines": {
        "node": ">=16.0.0",
        "npm": ">=7.0.0"
      }
    },
    "node_modules/@libp2p/pubsub-peer-discovery/node_modules/uint8arrays": {
      "version": "4.0.10",
      "license": "Apache-2.0 OR MIT",
      "dependencies": {
        "multiformats": "^12.0.1"
      }
    },
    "node_modules/@libp2p/utils": {
      "version": "5.4.2",
      "license": "Apache-2.0 OR MIT",
      "dependencies": {
        "@chainsafe/is-ip": "^2.0.2",
        "@libp2p/crypto": "^4.1.2",
        "@libp2p/interface": "^1.4.0",
        "@libp2p/logger": "^4.0.13",
        "@multiformats/multiaddr": "^12.2.3",
        "@multiformats/multiaddr-matcher": "^1.2.1",
        "@sindresorhus/fnv1a": "^3.1.0",
        "@types/murmurhash3js-revisited": "^3.0.3",
        "any-signal": "^4.1.1",
        "delay": "^6.0.0",
        "get-iterator": "^2.0.1",
        "is-loopback-addr": "^2.0.2",
        "it-pushable": "^3.2.3",
        "it-stream-types": "^2.0.1",
        "murmurhash3js-revisited": "^3.0.0",
        "netmask": "^2.0.2",
        "p-defer": "^4.0.1",
        "race-event": "^1.3.0",
        "race-signal": "^1.0.2",
        "uint8arraylist": "^2.4.8",
        "uint8arrays": "^5.1.0"
      }
    },
    "node_modules/@libp2p/websockets": {
      "version": "8.0.24",
      "license": "Apache-2.0 OR MIT",
      "dependencies": {
        "@libp2p/interface": "^1.4.0",
        "@libp2p/utils": "^5.4.2",
        "@multiformats/mafmt": "^12.1.6",
        "@multiformats/multiaddr": "^12.2.3",
        "@multiformats/multiaddr-to-uri": "^10.0.1",
        "@types/ws": "^8.5.10",
        "it-ws": "^6.1.1",
        "p-defer": "^4.0.1",
        "wherearewe": "^2.0.1",
        "ws": "^8.17.0"
      }
    },
    "node_modules/@multiformats/dns": {
      "version": "1.0.6",
      "license": "Apache-2.0 OR MIT",
      "dependencies": {
        "@types/dns-packet": "^5.6.5",
        "buffer": "^6.0.3",
        "dns-packet": "^5.6.1",
        "hashlru": "^2.3.0",
        "p-queue": "^8.0.1",
        "progress-events": "^1.0.0",
        "uint8arrays": "^5.0.2"
      }
    },
    "node_modules/@multiformats/mafmt": {
      "version": "12.1.6",
      "license": "Apache-2.0 OR MIT",
      "dependencies": {
        "@multiformats/multiaddr": "^12.0.0"
      }
    },
    "node_modules/@multiformats/multiaddr": {
      "version": "12.2.3",
      "license": "Apache-2.0 OR MIT",
      "dependencies": {
        "@chainsafe/is-ip": "^2.0.1",
        "@chainsafe/netmask": "^2.0.0",
        "@libp2p/interface": "^1.0.0",
        "@multiformats/dns": "^1.0.3",
        "multiformats": "^13.0.0",
        "uint8-varint": "^2.0.1",
        "uint8arrays": "^5.0.0"
      }
    },
    "node_modules/@multiformats/multiaddr-matcher": {
      "version": "1.2.2",
      "license": "Apache-2.0 OR MIT",
      "dependencies": {
        "@chainsafe/is-ip": "^2.0.1",
        "@multiformats/multiaddr": "^12.0.0",
        "multiformats": "^13.0.0"
      }
    },
    "node_modules/@multiformats/multiaddr-to-uri": {
      "version": "10.0.1",
      "license": "Apache-2.0 OR MIT",
      "dependencies": {
        "@multiformats/multiaddr": "^12.0.0"
      }
    },
    "node_modules/@noble/curves": {
      "version": "1.4.0",
      "license": "MIT",
      "dependencies": {
        "@noble/hashes": "1.4.0"
      },
      "funding": {
        "url": "https://paulmillr.com/funding/"
      }
    },
    "node_modules/@noble/hashes": {
      "version": "1.4.0",
      "license": "MIT",
      "engines": {
        "node": ">= 16"
      },
      "funding": {
        "url": "https://paulmillr.com/funding/"
      }
    },
    "node_modules/@rollup/rollup-linux-x64-gnu": {
      "version": "4.18.0",
      "cpu": [
        "x64"
      ],
      "license": "MIT",
      "optional": true,
      "os": [
        "linux"
      ]
    },
    "node_modules/@sindresorhus/fnv1a": {
      "version": "3.1.0",
      "license": "MIT",
      "engines": {
        "node": "^12.20.0 || ^14.13.1 || >=16.0.0"
      },
      "funding": {
        "url": "https://github.com/sponsors/sindresorhus"
      }
    },
    "node_modules/@sveltejs/vite-plugin-svelte": {
      "version": "3.1.1",
      "license": "MIT",
      "dependencies": {
        "@sveltejs/vite-plugin-svelte-inspector": "^2.1.0",
        "debug": "^4.3.4",
        "deepmerge": "^4.3.1",
        "kleur": "^4.1.5",
        "magic-string": "^0.30.10",
        "svelte-hmr": "^0.16.0",
        "vitefu": "^0.2.5"
      },
      "engines": {
        "node": "^18.0.0 || >=20"
      },
      "peerDependencies": {
        "svelte": "^4.0.0 || ^5.0.0-next.0",
        "vite": "^5.0.0"
      }
    },
    "node_modules/@sveltejs/vite-plugin-svelte-inspector": {
      "version": "2.1.0",
      "license": "MIT",
      "dependencies": {
        "debug": "^4.3.4"
      },
      "engines": {
        "node": "^18.0.0 || >=20"
      },
      "peerDependencies": {
        "@sveltejs/vite-plugin-svelte": "^3.0.0",
        "svelte": "^4.0.0 || ^5.0.0-next.0",
        "vite": "^5.0.0"
      }
    },
    "node_modules/@types/dns-packet": {
      "version": "5.6.5",
      "license": "MIT",
      "dependencies": {
        "@types/node": "*"
      }
    },
    "node_modules/@types/estree": {
      "version": "1.0.5",
      "license": "MIT"
    },
    "node_modules/@types/murmurhash3js-revisited": {
      "version": "3.0.3",
      "license": "MIT"
    },
    "node_modules/@types/node": {
      "version": "20.12.13",
      "license": "MIT",
      "dependencies": {
        "undici-types": "~5.26.4"
      }
    },
    "node_modules/@types/retry": {
      "version": "0.12.2",
      "license": "MIT"
    },
    "node_modules/@types/ws": {
      "version": "8.5.10",
      "license": "MIT",
      "dependencies": {
        "@types/node": "*"
      }
    },
    "node_modules/acorn": {
      "version": "8.11.3",
      "license": "MIT",
      "bin": {
        "acorn": "bin/acorn"
      },
      "engines": {
        "node": ">=0.4.0"
      }
    },
    "node_modules/any-signal": {
      "version": "4.1.1",
      "license": "Apache-2.0 OR MIT",
      "engines": {
        "node": ">=16.0.0",
        "npm": ">=7.0.0"
      }
    },
    "node_modules/aria-query": {
      "version": "5.3.0",
      "license": "Apache-2.0",
      "dependencies": {
        "dequal": "^2.0.3"
      }
    },
    "node_modules/asn1js": {
      "version": "3.0.5",
      "license": "BSD-3-Clause",
      "dependencies": {
        "pvtsutils": "^1.3.2",
        "pvutils": "^1.1.3",
        "tslib": "^2.4.0"
      },
      "engines": {
        "node": ">=12.0.0"
      }
    },
    "node_modules/axobject-query": {
      "version": "4.0.0",
      "license": "Apache-2.0",
      "dependencies": {
        "dequal": "^2.0.3"
      }
    },
    "node_modules/base64-js": {
      "version": "1.5.1",
      "funding": [
        {
          "type": "github",
          "url": "https://github.com/sponsors/feross"
        },
        {
          "type": "patreon",
          "url": "https://www.patreon.com/feross"
        },
        {
          "type": "consulting",
          "url": "https://feross.org/support"
        }
      ],
      "license": "MIT"
    },
    "node_modules/buffer": {
      "version": "6.0.3",
      "funding": [
        {
          "type": "github",
          "url": "https://github.com/sponsors/feross"
        },
        {
          "type": "patreon",
          "url": "https://www.patreon.com/feross"
        },
        {
          "type": "consulting",
          "url": "https://feross.org/support"
        }
      ],
      "license": "MIT",
      "dependencies": {
        "base64-js": "^1.3.1",
        "ieee754": "^1.2.1"
      }
    },
    "node_modules/buffer-from": {
      "version": "1.1.2",
      "license": "MIT",
      "optional": true,
      "peer": true
    },
    "node_modules/code-red": {
      "version": "1.0.4",
      "license": "MIT",
      "dependencies": {
        "@jridgewell/sourcemap-codec": "^1.4.15",
        "@types/estree": "^1.0.1",
        "acorn": "^8.10.0",
        "estree-walker": "^3.0.3",
        "periscopic": "^3.1.0"
      }
    },
    "node_modules/css-tree": {
      "version": "2.3.1",
      "license": "MIT",
      "dependencies": {
        "mdn-data": "2.0.30",
        "source-map-js": "^1.0.1"
      },
      "engines": {
        "node": "^10 || ^12.20.0 || ^14.13.0 || >=15.0.0"
      }
    },
    "node_modules/datastore-core": {
      "version": "9.2.9",
      "license": "Apache-2.0 OR MIT",
      "dependencies": {
        "@libp2p/logger": "^4.0.6",
        "err-code": "^3.0.1",
        "interface-datastore": "^8.0.0",
        "interface-store": "^5.0.0",
        "it-drain": "^3.0.5",
        "it-filter": "^3.0.4",
        "it-map": "^3.0.5",
        "it-merge": "^3.0.3",
        "it-pipe": "^3.0.1",
        "it-pushable": "^3.2.3",
        "it-sort": "^3.0.4",
        "it-take": "^3.0.4"
      }
    },
    "node_modules/debug": {
      "version": "4.3.5",
      "license": "MIT",
      "dependencies": {
        "ms": "2.1.2"
      },
      "engines": {
        "node": ">=6.0"
      },
      "peerDependenciesMeta": {
        "supports-color": {
          "optional": true
        }
      }
    },
    "node_modules/deepmerge": {
      "version": "4.3.1",
      "license": "MIT",
      "engines": {
        "node": ">=0.10.0"
      }
    },
    "node_modules/delay": {
      "version": "6.0.0",
      "license": "MIT",
      "engines": {
        "node": ">=16"
      },
      "funding": {
        "url": "https://github.com/sponsors/sindresorhus"
      }
    },
    "node_modules/denque": {
      "version": "2.1.0",
      "license": "Apache-2.0",
      "engines": {
        "node": ">=0.10"
      }
    },
    "node_modules/dequal": {
      "version": "2.0.3",
      "license": "MIT",
      "engines": {
        "node": ">=6"
      }
    },
    "node_modules/dns-packet": {
      "version": "5.6.1",
      "license": "MIT",
      "dependencies": {
        "@leichtgewicht/ip-codec": "^2.0.1"
      },
      "engines": {
        "node": ">=6"
      }
    },
    "node_modules/err-code": {
      "version": "3.0.1",
      "license": "MIT"
    },
    "node_modules/esbuild": {
      "version": "0.20.2",
      "hasInstallScript": true,
      "license": "MIT",
      "bin": {
        "esbuild": "bin/esbuild"
      },
      "engines": {
        "node": ">=12"
      },
      "optionalDependencies": {
        "@esbuild/aix-ppc64": "0.20.2",
        "@esbuild/android-arm": "0.20.2",
        "@esbuild/android-arm64": "0.20.2",
        "@esbuild/android-x64": "0.20.2",
        "@esbuild/darwin-arm64": "0.20.2",
        "@esbuild/darwin-x64": "0.20.2",
        "@esbuild/freebsd-arm64": "0.20.2",
        "@esbuild/freebsd-x64": "0.20.2",
        "@esbuild/linux-arm": "0.20.2",
        "@esbuild/linux-arm64": "0.20.2",
        "@esbuild/linux-ia32": "0.20.2",
        "@esbuild/linux-loong64": "0.20.2",
        "@esbuild/linux-mips64el": "0.20.2",
        "@esbuild/linux-ppc64": "0.20.2",
        "@esbuild/linux-riscv64": "0.20.2",
        "@esbuild/linux-s390x": "0.20.2",
        "@esbuild/linux-x64": "0.20.2",
        "@esbuild/netbsd-x64": "0.20.2",
        "@esbuild/openbsd-x64": "0.20.2",
        "@esbuild/sunos-x64": "0.20.2",
        "@esbuild/win32-arm64": "0.20.2",
        "@esbuild/win32-ia32": "0.20.2",
        "@esbuild/win32-x64": "0.20.2"
      }
    },
    "node_modules/estree-walker": {
      "version": "3.0.3",
      "license": "MIT",
      "dependencies": {
        "@types/estree": "^1.0.0"
      }
    },
    "node_modules/event-iterator": {
      "version": "2.0.0",
      "license": "MIT"
    },
    "node_modules/eventemitter3": {
      "version": "5.0.1",
      "license": "MIT"
    },
    "node_modules/get-iterator": {
      "version": "2.0.1",
      "license": "MIT"
    },
    "node_modules/hashlru": {
      "version": "2.3.0",
      "license": "MIT"
    },
    "node_modules/howler": {
      "version": "2.2.4",
      "license": "MIT"
    },
    "node_modules/idb-keyval": {
      "version": "6.2.1",
      "license": "Apache-2.0"
    },
    "node_modules/ieee754": {
      "version": "1.2.1",
      "funding": [
        {
          "type": "github",
          "url": "https://github.com/sponsors/feross"
        },
        {
          "type": "patreon",
          "url": "https://www.patreon.com/feross"
        },
        {
          "type": "consulting",
          "url": "https://feross.org/support"
        }
      ],
      "license": "BSD-3-Clause"
    },
    "node_modules/interface-datastore": {
      "version": "8.2.11",
      "license": "Apache-2.0 OR MIT",
      "dependencies": {
        "interface-store": "^5.0.0",
        "uint8arrays": "^5.0.2"
      }
    },
    "node_modules/interface-store": {
      "version": "5.1.8",
      "license": "Apache-2.0 OR MIT"
    },
    "node_modules/is-electron": {
      "version": "2.2.2",
      "license": "MIT"
    },
    "node_modules/is-loopback-addr": {
      "version": "2.0.2",
      "license": "MIT"
    },
    "node_modules/is-network-error": {
      "version": "1.1.0",
      "license": "MIT",
      "engines": {
        "node": ">=16"
      },
      "funding": {
        "url": "https://github.com/sponsors/sindresorhus"
      }
    },
    "node_modules/is-plain-obj": {
      "version": "2.1.0",
      "license": "MIT",
      "engines": {
        "node": ">=8"
      }
    },
    "node_modules/is-reference": {
      "version": "3.0.2",
      "license": "MIT",
      "dependencies": {
        "@types/estree": "*"
      }
    },
    "node_modules/it-all": {
      "version": "3.0.6",
      "license": "Apache-2.0 OR MIT"
    },
    "node_modules/it-byte-stream": {
      "version": "1.0.12",
      "license": "Apache-2.0 OR MIT",
      "dependencies": {
        "it-queueless-pushable": "^1.0.0",
        "it-stream-types": "^2.0.1",
        "uint8arraylist": "^2.4.8"
      }
    },
    "node_modules/it-drain": {
      "version": "3.0.7",
      "license": "Apache-2.0 OR MIT"
    },
    "node_modules/it-filter": {
      "version": "3.1.1",
      "license": "Apache-2.0 OR MIT",
      "dependencies": {
        "it-peekable": "^3.0.0"
      }
    },
    "node_modules/it-length-prefixed": {
      "version": "9.0.4",
      "license": "Apache-2.0 OR MIT",
      "dependencies": {
        "err-code": "^3.0.1",
        "it-reader": "^6.0.1",
        "it-stream-types": "^2.0.1",
        "uint8-varint": "^2.0.1",
        "uint8arraylist": "^2.0.0",
        "uint8arrays": "^5.0.1"
      },
      "engines": {
        "node": ">=16.0.0",
        "npm": ">=7.0.0"
      }
    },
    "node_modules/it-length-prefixed-stream": {
      "version": "1.1.8",
      "license": "Apache-2.0 OR MIT",
      "dependencies": {
        "it-byte-stream": "^1.0.0",
        "it-stream-types": "^2.0.1",
        "uint8-varint": "^2.0.4",
        "uint8arraylist": "^2.4.8"
      }
    },
    "node_modules/it-map": {
      "version": "3.1.1",
      "license": "Apache-2.0 OR MIT",
      "dependencies": {
        "it-peekable": "^3.0.0"
      }
    },
    "node_modules/it-merge": {
      "version": "3.0.5",
      "license": "Apache-2.0 OR MIT",
      "dependencies": {
        "it-pushable": "^3.2.3"
      }
    },
    "node_modules/it-parallel": {
      "version": "3.0.8",
      "license": "Apache-2.0 OR MIT",
      "dependencies": {
        "p-defer": "^4.0.1"
      }
    },
    "node_modules/it-peekable": {
      "version": "3.0.5",
      "license": "Apache-2.0 OR MIT"
    },
    "node_modules/it-pipe": {
      "version": "3.0.1",
      "license": "Apache-2.0 OR MIT",
      "dependencies": {
        "it-merge": "^3.0.0",
        "it-pushable": "^3.1.2",
        "it-stream-types": "^2.0.1"
      },
      "engines": {
        "node": ">=16.0.0",
        "npm": ">=7.0.0"
      }
    },
    "node_modules/it-protobuf-stream": {
      "version": "1.1.4",
      "license": "Apache-2.0 OR MIT",
      "dependencies": {
        "it-length-prefixed-stream": "^1.0.0",
        "it-stream-types": "^2.0.1",
        "uint8arraylist": "^2.4.8"
      }
    },
    "node_modules/it-pushable": {
      "version": "3.2.3",
      "license": "Apache-2.0 OR MIT",
      "dependencies": {
        "p-defer": "^4.0.0"
      }
    },
    "node_modules/it-queueless-pushable": {
      "version": "1.0.0",
      "license": "Apache-2.0 OR MIT",
      "dependencies": {
        "p-defer": "^4.0.1",
        "race-signal": "^1.0.2"
      }
    },
    "node_modules/it-reader": {
      "version": "6.0.4",
      "license": "Apache-2.0 OR MIT",
      "dependencies": {
        "it-stream-types": "^2.0.1",
        "uint8arraylist": "^2.0.0"
      },
      "engines": {
        "node": ">=16.0.0",
        "npm": ">=7.0.0"
      }
    },
    "node_modules/it-sort": {
      "version": "3.0.6",
      "license": "Apache-2.0 OR MIT",
      "dependencies": {
        "it-all": "^3.0.0"
      }
    },
    "node_modules/it-stream-types": {
      "version": "2.0.1",
      "license": "Apache-2.0 OR MIT",
      "engines": {
        "node": ">=16.0.0",
        "npm": ">=7.0.0"
      }
    },
    "node_modules/it-take": {
      "version": "3.0.6",
      "license": "Apache-2.0 OR MIT"
    },
    "node_modules/it-ws": {
      "version": "6.1.1",
      "license": "Apache-2.0 OR MIT",
      "dependencies": {
        "@types/ws": "^8.2.2",
        "event-iterator": "^2.0.0",
        "it-stream-types": "^2.0.1",
        "uint8arrays": "^5.0.0",
        "ws": "^8.4.0"
      },
      "engines": {
        "node": ">=16.0.0",
        "npm": ">=7.0.0"
      }
    },
    "node_modules/kleur": {
      "version": "4.1.5",
      "license": "MIT",
      "engines": {
        "node": ">=6"
      }
    },
    "node_modules/libp2p": {
      "version": "1.6.0",
      "license": "Apache-2.0 OR MIT",
      "dependencies": {
        "@libp2p/crypto": "^4.1.2",
        "@libp2p/interface": "^1.4.0",
        "@libp2p/interface-internal": "^1.2.2",
        "@libp2p/logger": "^4.0.13",
        "@libp2p/multistream-select": "^5.1.10",
        "@libp2p/peer-collections": "^5.2.2",
        "@libp2p/peer-id": "^4.1.2",
        "@libp2p/peer-id-factory": "^4.1.2",
        "@libp2p/peer-store": "^10.0.19",
        "@libp2p/utils": "^5.4.2",
        "@multiformats/dns": "^1.0.6",
        "@multiformats/multiaddr": "^12.2.3",
        "@multiformats/multiaddr-matcher": "^1.2.1",
        "any-signal": "^4.1.1",
        "datastore-core": "^9.2.9",
        "interface-datastore": "^8.2.11",
        "it-merge": "^3.0.5",
        "it-parallel": "^3.0.7",
        "merge-options": "^3.0.4",
        "multiformats": "^13.1.0",
        "p-defer": "^4.0.1",
        "race-event": "^1.3.0",
        "race-signal": "^1.0.2",
        "uint8arrays": "^5.1.0"
      }
    },
    "node_modules/locate-character": {
      "version": "3.0.0",
      "license": "MIT"
    },
    "node_modules/magic-string": {
      "version": "0.30.10",
      "license": "MIT",
      "dependencies": {
        "@jridgewell/sourcemap-codec": "^1.4.15"
      }
    },
    "node_modules/mdn-data": {
      "version": "2.0.30",
      "license": "CC0-1.0"
    },
    "node_modules/merge-options": {
      "version": "3.0.4",
      "license": "MIT",
      "dependencies": {
        "is-plain-obj": "^2.1.0"
      },
      "engines": {
        "node": ">=10"
      }
    },
    "node_modules/mortice": {
      "version": "3.0.4",
      "license": "Apache-2.0 OR MIT",
      "dependencies": {
        "observable-webworkers": "^2.0.1",
        "p-queue": "^8.0.1",
        "p-timeout": "^6.0.0"
      }
    },
    "node_modules/ms": {
      "version": "2.1.2",
      "license": "MIT"
    },
    "node_modules/multiformats": {
      "version": "13.1.0",
      "license": "Apache-2.0 OR MIT"
    },
    "node_modules/murmurhash3js-revisited": {
      "version": "3.0.0",
      "license": "MIT",
      "engines": {
        "node": ">=8.0.0"
      }
    },
    "node_modules/nanoid": {
      "version": "3.3.7",
      "funding": [
        {
          "type": "github",
          "url": "https://github.com/sponsors/ai"
        }
      ],
      "license": "MIT",
      "bin": {
        "nanoid": "bin/nanoid.cjs"
      },
      "engines": {
        "node": "^10 || ^12 || ^13.7 || ^14 || >=15.0.1"
      }
    },
    "node_modules/netmask": {
      "version": "2.0.2",
      "license": "MIT",
      "engines": {
        "node": ">= 0.4.0"
      }
    },
    "node_modules/observable-webworkers": {
      "version": "2.0.1",
      "license": "Apache-2.0 OR MIT",
      "engines": {
        "node": ">=16.0.0",
        "npm": ">=7.0.0"
      }
    },
    "node_modules/p-defer": {
      "version": "4.0.1",
      "license": "MIT",
      "engines": {
        "node": ">=12"
      },
      "funding": {
        "url": "https://github.com/sponsors/sindresorhus"
      }
    },
    "node_modules/p-queue": {
      "version": "8.0.1",
      "license": "MIT",
      "dependencies": {
        "eventemitter3": "^5.0.1",
        "p-timeout": "^6.1.2"
      },
      "engines": {
        "node": ">=18"
      },
      "funding": {
        "url": "https://github.com/sponsors/sindresorhus"
      }
    },
    "node_modules/p-retry": {
      "version": "6.2.0",
      "license": "MIT",
      "dependencies": {
        "@types/retry": "0.12.2",
        "is-network-error": "^1.0.0",
        "retry": "^0.13.1"
      },
      "engines": {
        "node": ">=16.17"
      },
      "funding": {
        "url": "https://github.com/sponsors/sindresorhus"
      }
    },
    "node_modules/p-timeout": {
      "version": "6.1.2",
      "license": "MIT",
      "engines": {
        "node": ">=14.16"
      },
      "funding": {
        "url": "https://github.com/sponsors/sindresorhus"
      }
    },
    "node_modules/periscopic": {
      "version": "3.1.0",
      "license": "MIT",
      "dependencies": {
        "@types/estree": "^1.0.0",
        "estree-walker": "^3.0.0",
        "is-reference": "^3.0.0"
      }
    },
    "node_modules/picocolors": {
      "version": "1.0.1",
      "license": "ISC"
    },
    "node_modules/postcss": {
      "version": "8.4.38",
      "funding": [
        {
          "type": "opencollective",
          "url": "https://opencollective.com/postcss/"
        },
        {
          "type": "tidelift",
          "url": "https://tidelift.com/funding/github/npm/postcss"
        },
        {
          "type": "github",
          "url": "https://github.com/sponsors/ai"
        }
      ],
      "license": "MIT",
      "dependencies": {
        "nanoid": "^3.3.7",
        "picocolors": "^1.0.0",
        "source-map-js": "^1.2.0"
      },
      "engines": {
        "node": "^10 || ^12 || >=14"
      }
    },
    "node_modules/progress-events": {
      "version": "1.0.0",
      "license": "Apache-2.0 OR MIT",
      "engines": {
        "node": ">=16.0.0",
        "npm": ">=7.0.0"
      }
    },
    "node_modules/protons-runtime": {
      "version": "5.4.0",
      "license": "Apache-2.0 OR MIT",
      "dependencies": {
        "uint8-varint": "^2.0.2",
        "uint8arraylist": "^2.4.3",
        "uint8arrays": "^5.0.1"
      }
    },
    "node_modules/pvtsutils": {
      "version": "1.3.5",
      "license": "MIT",
      "dependencies": {
        "tslib": "^2.6.1"
      }
    },
    "node_modules/pvutils": {
      "version": "1.1.3",
      "license": "MIT",
      "engines": {
        "node": ">=6.0.0"
      }
    },
    "node_modules/race-event": {
      "version": "1.3.0",
      "license": "Apache-2.0 OR MIT"
    },
    "node_modules/race-signal": {
      "version": "1.0.2",
      "license": "Apache-2.0 OR MIT"
    },
    "node_modules/retry": {
      "version": "0.13.1",
      "license": "MIT",
      "engines": {
        "node": ">= 4"
      }
    },
    "node_modules/rollup": {
      "version": "4.18.0",
      "license": "MIT",
      "dependencies": {
        "@types/estree": "1.0.5"
      },
      "bin": {
        "rollup": "dist/bin/rollup"
      },
      "engines": {
        "node": ">=18.0.0",
        "npm": ">=8.0.0"
      },
      "optionalDependencies": {
        "@rollup/rollup-android-arm-eabi": "4.18.0",
        "@rollup/rollup-android-arm64": "4.18.0",
        "@rollup/rollup-darwin-arm64": "4.18.0",
        "@rollup/rollup-darwin-x64": "4.18.0",
        "@rollup/rollup-linux-arm-gnueabihf": "4.18.0",
        "@rollup/rollup-linux-arm-musleabihf": "4.18.0",
        "@rollup/rollup-linux-arm64-gnu": "4.18.0",
        "@rollup/rollup-linux-arm64-musl": "4.18.0",
        "@rollup/rollup-linux-powerpc64le-gnu": "4.18.0",
        "@rollup/rollup-linux-riscv64-gnu": "4.18.0",
        "@rollup/rollup-linux-s390x-gnu": "4.18.0",
        "@rollup/rollup-linux-x64-gnu": "4.18.0",
        "@rollup/rollup-linux-x64-musl": "4.18.0",
        "@rollup/rollup-win32-arm64-msvc": "4.18.0",
        "@rollup/rollup-win32-ia32-msvc": "4.18.0",
        "@rollup/rollup-win32-x64-msvc": "4.18.0",
        "fsevents": "~2.3.2"
      }
    },
    "node_modules/source-map-js": {
      "version": "1.2.0",
      "license": "BSD-3-Clause",
      "engines": {
        "node": ">=0.10.0"
      }
    },
    "node_modules/source-map-support": {
      "version": "0.5.21",
      "license": "MIT",
      "optional": true,
      "peer": true,
      "dependencies": {
        "buffer-from": "^1.0.0",
        "source-map": "^0.6.0"
      }
    },
    "node_modules/source-map-support/node_modules/source-map": {
      "version": "0.6.1",
      "license": "BSD-3-Clause",
      "optional": true,
      "peer": true,
      "engines": {
        "node": ">=0.10.0"
      }
    },
    "node_modules/svelte": {
      "version": "4.2.17",
      "license": "MIT",
      "dependencies": {
        "@ampproject/remapping": "^2.2.1",
        "@jridgewell/sourcemap-codec": "^1.4.15",
        "@jridgewell/trace-mapping": "^0.3.18",
        "@types/estree": "^1.0.1",
        "acorn": "^8.9.0",
        "aria-query": "^5.3.0",
        "axobject-query": "^4.0.0",
        "code-red": "^1.0.3",
        "css-tree": "^2.3.1",
        "estree-walker": "^3.0.3",
        "is-reference": "^3.0.1",
        "locate-character": "^3.0.0",
        "magic-string": "^0.30.4",
        "periscopic": "^3.1.0"
      },
      "engines": {
        "node": ">=16"
      }
    },
    "node_modules/svelte-hmr": {
      "version": "0.16.0",
      "license": "ISC",
      "engines": {
        "node": "^12.20 || ^14.13.1 || >= 16"
      },
      "peerDependencies": {
        "svelte": "^3.19.0 || ^4.0.0"
      }
    },
    "node_modules/terser": {
      "version": "5.31.0",
      "license": "BSD-2-Clause",
      "optional": true,
      "peer": true,
      "dependencies": {
        "@jridgewell/source-map": "^0.3.3",
        "acorn": "^8.8.2",
        "commander": "^2.20.0",
        "source-map-support": "~0.5.20"
      },
      "bin": {
        "terser": "bin/terser"
      },
      "engines": {
        "node": ">=10"
      }
    },
    "node_modules/terser/node_modules/commander": {
      "version": "2.20.3",
      "license": "MIT",
      "optional": true,
      "peer": true
    },
    "node_modules/tslib": {
      "version": "2.6.2",
      "license": "0BSD"
    },
    "node_modules/uint8-varint": {
      "version": "2.0.4",
      "license": "Apache-2.0 OR MIT",
      "dependencies": {
        "uint8arraylist": "^2.0.0",
        "uint8arrays": "^5.0.0"
      }
    },
    "node_modules/uint8arraylist": {
      "version": "2.4.8",
      "license": "Apache-2.0 OR MIT",
      "dependencies": {
        "uint8arrays": "^5.0.1"
      }
    },
    "node_modules/uint8arrays": {
      "version": "5.1.0",
      "license": "Apache-2.0 OR MIT",
      "dependencies": {
        "multiformats": "^13.0.0"
      }
    },
    "node_modules/undici-types": {
      "version": "5.26.5",
      "license": "MIT"
    },
    "node_modules/vite": {
      "version": "5.2.12",
      "license": "MIT",
      "dependencies": {
        "esbuild": "^0.20.1",
        "postcss": "^8.4.38",
        "rollup": "^4.13.0"
      },
      "bin": {
        "vite": "bin/vite.js"
      },
      "engines": {
        "node": "^18.0.0 || >=20.0.0"
      },
      "funding": {
        "url": "https://github.com/vitejs/vite?sponsor=1"
      },
      "optionalDependencies": {
        "fsevents": "~2.3.3"
      },
      "peerDependencies": {
        "@types/node": "^18.0.0 || >=20.0.0",
        "less": "*",
        "lightningcss": "^1.21.0",
        "sass": "*",
        "stylus": "*",
        "sugarss": "*",
        "terser": "^5.4.0"
      },
      "peerDependenciesMeta": {
        "@types/node": {
          "optional": true
        },
        "less": {
          "optional": true
        },
        "lightningcss": {
          "optional": true
        },
        "sass": {
          "optional": true
        },
        "stylus": {
          "optional": true
        },
        "sugarss": {
          "optional": true
        },
        "terser": {
          "optional": true
        }
      }
    },
    "node_modules/vitefu": {
      "version": "0.2.5",
      "license": "MIT",
      "peerDependencies": {
        "vite": "^3.0.0 || ^4.0.0 || ^5.0.0"
      },
      "peerDependenciesMeta": {
        "vite": {
          "optional": true
        }
      }
    },
    "node_modules/wherearewe": {
      "version": "2.0.1",
      "license": "Apache-2.0 OR MIT",
      "dependencies": {
        "is-electron": "^2.2.0"
      },
      "engines": {
        "node": ">=16.0.0",
        "npm": ">=7.0.0"
      }
    },
    "node_modules/ws": {
      "version": "8.17.0",
      "license": "MIT",
      "engines": {
        "node": ">=10.0.0"
      },
      "peerDependencies": {
        "bufferutil": "^4.0.1",
        "utf-8-validate": ">=5.0.2"
      },
      "peerDependenciesMeta": {
        "bufferutil": {
          "optional": true
        },
        "utf-8-validate": {
          "optional": true
        }
      }
    }
  }
}
